// !$*UTF8*$!
{
	archiveVersion = 1;
	classes = {
	};
	objectVersion = 46;
	objects = {

/* Begin PBXBuildFile section */
		7C055FAD1C947DA8004527C3 /* atMenuAttribute.cpp in Sources */ = {isa = PBXBuildFile; fileRef = 7C055FAB1C947DA8004527C3 /* atMenuAttribute.cpp */; };
		7C2138D41C9B252C0050F676 /* atVolumeMeter.cpp in Sources */ = {isa = PBXBuildFile; fileRef = 7C2138D21C9B252C0050F676 /* atVolumeMeter.cpp */; };
		7C213B181CA05E460050F676 /* atSplashDialog.cpp in Sources */ = {isa = PBXBuildFile; fileRef = 7C213B161CA05E460050F676 /* atSplashDialog.cpp */; };
		7C5AD94E1CBDDE1A002D8E57 /* atPreferenceDialog.cpp in Sources */ = {isa = PBXBuildFile; fileRef = 7C5AD94C1CBDDE1A002D8E57 /* atPreferenceDialog.cpp */; };
		7C5AD9541CBEBE4B002D8E57 /* DropMenuBox.cpp in Sources */ = {isa = PBXBuildFile; fileRef = 7C5AD9521CBEBE4B002D8E57 /* DropMenuBox.cpp */; };
		7C74767A1CA7675E009CBE23 /* CoreAudioKit.framework in Frameworks */ = {isa = PBXBuildFile; fileRef = 7C7476791CA7675E009CBE23 /* CoreAudioKit.framework */; };
		7C74767C1CA76766009CBE23 /* AudioUnit.framework in Frameworks */ = {isa = PBXBuildFile; fileRef = 7C74767B1CA76766009CBE23 /* AudioUnit.framework */; };
		7C74767E1CA7677E009CBE23 /* Carbon.framework in Frameworks */ = {isa = PBXBuildFile; fileRef = 7C74767D1CA7677E009CBE23 /* Carbon.framework */; };
		7C7476801CA767FF009CBE23 /* CoreServices.framework in Frameworks */ = {isa = PBXBuildFile; fileRef = 7C74767F1CA767FF009CBE23 /* CoreServices.framework */; };
		7C7476821CA7680A009CBE23 /* CoreFoundation.framework in Frameworks */ = {isa = PBXBuildFile; fileRef = 7C7476811CA7680A009CBE23 /* CoreFoundation.framework */; };
		7C7476841CA76956009CBE23 /* AudioToolbox.framework in Frameworks */ = {isa = PBXBuildFile; fileRef = 7C7476831CA76956009CBE23 /* AudioToolbox.framework */; };
		7C7476881CA76A0C009CBE23 /* libz.dylib in Frameworks */ = {isa = PBXBuildFile; fileRef = 7C7476871CA76A0C009CBE23 /* libz.dylib */; };
		7C74768A1CA76A34009CBE23 /* libbz2.dylib in Frameworks */ = {isa = PBXBuildFile; fileRef = 7C7476891CA76A34009CBE23 /* libbz2.dylib */; };
		7C7B74681CC08778006EF72E /* PythonWrapperUtils.cpp in Sources */ = {isa = PBXBuildFile; fileRef = 7C7B74641CC08778006EF72E /* PythonWrapperUtils.cpp */; };
		7C7B74691CC08778006EF72E /* PythonWrapper.cpp in Sources */ = {isa = PBXBuildFile; fileRef = 7C7B74661CC08778006EF72E /* PythonWrapper.cpp */; };
		7C7B746B1CC087C3006EF72E /* libboost_python.a in Frameworks */ = {isa = PBXBuildFile; fileRef = 7C7B746A1CC087C3006EF72E /* libboost_python.a */; };
		7C7B746E1CC0B0B5006EF72E /* PanelPyWrapper.cpp in Sources */ = {isa = PBXBuildFile; fileRef = 7C7B746C1CC0B0B5006EF72E /* PanelPyWrapper.cpp */; };
		7C9219371CB8091000AB6AF6 /* atMenuIntegerAttribute.cpp in Sources */ = {isa = PBXBuildFile; fileRef = 7C9219351CB8091000AB6AF6 /* atMenuIntegerAttribute.cpp */; };
		7C92193A1CB8314900AB6AF6 /* atMenuPointAttribute.cpp in Sources */ = {isa = PBXBuildFile; fileRef = 7C9219381CB8314900AB6AF6 /* atMenuPointAttribute.cpp */; };
		7C92193D1CB894EB00AB6AF6 /* atSkin.cpp in Sources */ = {isa = PBXBuildFile; fileRef = 7C92193B1CB894EB00AB6AF6 /* atSkin.cpp */; };
		7CBD41581CB60033000A22C5 /* atMenuColorAttribute.cpp in Sources */ = {isa = PBXBuildFile; fileRef = 7CBD41561CB60033000A22C5 /* atMenuColorAttribute.cpp */; };
		7CBD415E1CB6973C000A22C5 /* atMenuBoolAttribute.cpp in Sources */ = {isa = PBXBuildFile; fileRef = 7CBD415C1CB6973C000A22C5 /* atMenuBoolAttribute.cpp */; };
		7CBD41611CB6A251000A22C5 /* atMenuSizeAttribute.cpp in Sources */ = {isa = PBXBuildFile; fileRef = 7CBD415F1CB6A251000A22C5 /* atMenuSizeAttribute.cpp */; };
		7CE7BF2D1CBC452D004350B6 /* atConsole.cpp in Sources */ = {isa = PBXBuildFile; fileRef = 7CE7BF2B1CBC452C004350B6 /* atConsole.cpp */; };
		7CE7BF301CBC4629004350B6 /* atEditorBottomSection.cpp in Sources */ = {isa = PBXBuildFile; fileRef = 7CE7BF2E1CBC4629004350B6 /* atEditorBottomSection.cpp */; };
		7CF1D8341C9207DE00AAAC01 /* Assets.xcassets in Resources */ = {isa = PBXBuildFile; fileRef = 7CF1D8331C9207DE00AAAC01 /* Assets.xcassets */; };
		7CF1D83F1C9207F400AAAC01 /* MainMenu.xib in Resources */ = {isa = PBXBuildFile; fileRef = 7CF1D83E1C9207F400AAAC01 /* MainMenu.xib */; };
		7CF1D84D1C9208A500AAAC01 /* Python.framework in Frameworks */ = {isa = PBXBuildFile; fileRef = 7CF1D8451C9208A500AAAC01 /* Python.framework */; };
		7CF1D84E1C9208A500AAAC01 /* CoreMIDI.framework in Frameworks */ = {isa = PBXBuildFile; fileRef = 7CF1D8461C9208A500AAAC01 /* CoreMIDI.framework */; };
		7CF1D84F1C9208A500AAAC01 /* CoreAudio.framework in Frameworks */ = {isa = PBXBuildFile; fileRef = 7CF1D8471C9208A500AAAC01 /* CoreAudio.framework */; };
		7CF1D8501C9208A500AAAC01 /* OpenGL.framework in Frameworks */ = {isa = PBXBuildFile; fileRef = 7CF1D8481C9208A500AAAC01 /* OpenGL.framework */; };
		7CF1D8511C9208A500AAAC01 /* Cocoa.framework in Frameworks */ = {isa = PBXBuildFile; fileRef = 7CF1D8491C9208A500AAAC01 /* Cocoa.framework */; };
		7CF1D8971C921DDF00AAAC01 /* atEditor.cpp in Sources */ = {isa = PBXBuildFile; fileRef = 7CF1D8821C921DDF00AAAC01 /* atEditor.cpp */; };
		7CF1D8991C921DDF00AAAC01 /* atEditorGridWindow.cpp in Sources */ = {isa = PBXBuildFile; fileRef = 7CF1D8841C921DDF00AAAC01 /* atEditorGridWindow.cpp */; };
		7CF1D89A1C921DDF00AAAC01 /* axEditorInspectorMenu.cpp in Sources */ = {isa = PBXBuildFile; fileRef = 7CF1D8851C921DDF00AAAC01 /* axEditorInspectorMenu.cpp */; };
		7CF1D89B1C921DDF00AAAC01 /* atEditorLoader.cpp in Sources */ = {isa = PBXBuildFile; fileRef = 7CF1D8861C921DDF00AAAC01 /* atEditorLoader.cpp */; };
		7CF1D89C1C921DDF00AAAC01 /* atEditorMainWindow.cpp in Sources */ = {isa = PBXBuildFile; fileRef = 7CF1D8871C921DDF00AAAC01 /* atEditorMainWindow.cpp */; };
		7CF1D89E1C921DDF00AAAC01 /* atEditorStatusBar.cpp in Sources */ = {isa = PBXBuildFile; fileRef = 7CF1D8891C921DDF00AAAC01 /* atEditorStatusBar.cpp */; };
		7CF1D89F1C921DDF00AAAC01 /* atEditorWidgetMenu.cpp in Sources */ = {isa = PBXBuildFile; fileRef = 7CF1D88A1C921DDF00AAAC01 /* atEditorWidgetMenu.cpp */; };
		7CF1D8A11C921DDF00AAAC01 /* CodeEditor.cpp in Sources */ = {isa = PBXBuildFile; fileRef = 7CF1D88C1C921DDF00AAAC01 /* CodeEditor.cpp */; };
		7CF1D8A71C921DDF00AAAC01 /* atOpenDialog.cpp in Sources */ = {isa = PBXBuildFile; fileRef = 7CF1D8921C921DDF00AAAC01 /* atOpenDialog.cpp */; };
		7CF1D8A81C921DDF00AAAC01 /* mdiSaveDialog.cpp in Sources */ = {isa = PBXBuildFile; fileRef = 7CF1D8931C921DDF00AAAC01 /* mdiSaveDialog.cpp */; };
		7CF1D8AA1C921DDF00AAAC01 /* TextEditor.cpp in Sources */ = {isa = PBXBuildFile; fileRef = 7CF1D8951C921DDF00AAAC01 /* TextEditor.cpp */; };
		7CF1D8AB1C921DDF00AAAC01 /* TextEditorLogic.cpp in Sources */ = {isa = PBXBuildFile; fileRef = 7CF1D8961C921DDF00AAAC01 /* TextEditorLogic.cpp */; };
		7CF1D8B41C921DF800AAAC01 /* main.cpp in Sources */ = {isa = PBXBuildFile; fileRef = 7CF1D8AC1C921DF800AAAC01 /* main.cpp */; };
		7CF1D8B51C921DF800AAAC01 /* PyoAudio.cpp in Sources */ = {isa = PBXBuildFile; fileRef = 7CF1D8AD1C921DF800AAAC01 /* PyoAudio.cpp */; };
		7CF1D8B61C921DF800AAAC01 /* Pyo.cpp in Sources */ = {isa = PBXBuildFile; fileRef = 7CF1D8B01C921DF800AAAC01 /* Pyo.cpp */; };
		7CF1D8B71C921DF800AAAC01 /* PyoComponent.cpp in Sources */ = {isa = PBXBuildFile; fileRef = 7CF1D8B21C921DF800AAAC01 /* PyoComponent.cpp */; };
/* End PBXBuildFile section */

/* Begin PBXFileReference section */
		7C055FAB1C947DA8004527C3 /* atMenuAttribute.cpp */ = {isa = PBXFileReference; fileEncoding = 4; lastKnownFileType = sourcecode.cpp.cpp; path = atMenuAttribute.cpp; sourceTree = "<group>"; };
		7C055FAC1C947DA8004527C3 /* atMenuAttribute.h */ = {isa = PBXFileReference; fileEncoding = 4; lastKnownFileType = sourcecode.c.h; path = atMenuAttribute.h; sourceTree = "<group>"; };
		7C2138D21C9B252C0050F676 /* atVolumeMeter.cpp */ = {isa = PBXFileReference; fileEncoding = 4; lastKnownFileType = sourcecode.cpp.cpp; path = atVolumeMeter.cpp; sourceTree = "<group>"; };
		7C2138D31C9B252C0050F676 /* atVolumeMeter.hpp */ = {isa = PBXFileReference; fileEncoding = 4; lastKnownFileType = sourcecode.cpp.h; path = atVolumeMeter.hpp; sourceTree = "<group>"; };
		7C213B161CA05E460050F676 /* atSplashDialog.cpp */ = {isa = PBXFileReference; fileEncoding = 4; lastKnownFileType = sourcecode.cpp.cpp; path = atSplashDialog.cpp; sourceTree = "<group>"; };
		7C213B171CA05E460050F676 /* atSplashDialog.hpp */ = {isa = PBXFileReference; fileEncoding = 4; lastKnownFileType = sourcecode.cpp.h; path = atSplashDialog.hpp; sourceTree = "<group>"; };
		7C5AD94C1CBDDE1A002D8E57 /* atPreferenceDialog.cpp */ = {isa = PBXFileReference; fileEncoding = 4; lastKnownFileType = sourcecode.cpp.cpp; path = atPreferenceDialog.cpp; sourceTree = "<group>"; };
		7C5AD94D1CBDDE1A002D8E57 /* atPreferenceDialog.h */ = {isa = PBXFileReference; fileEncoding = 4; lastKnownFileType = sourcecode.c.h; path = atPreferenceDialog.h; sourceTree = "<group>"; };
		7C5AD9521CBEBE4B002D8E57 /* DropMenuBox.cpp */ = {isa = PBXFileReference; fileEncoding = 4; lastKnownFileType = sourcecode.cpp.cpp; path = DropMenuBox.cpp; sourceTree = "<group>"; };
		7C5AD9531CBEBE4B002D8E57 /* DropMenuBox.h */ = {isa = PBXFileReference; fileEncoding = 4; lastKnownFileType = sourcecode.c.h; path = DropMenuBox.h; sourceTree = "<group>"; };
		7C74766D1CA76288009CBE23 /* libaxAudio.a */ = {isa = PBXFileReference; lastKnownFileType = archive.ar; name = libaxAudio.a; path = ../../../../usr/local/lib/libaxAudio.a; sourceTree = "<group>"; };
		7C74766E1CA76288009CBE23 /* libaxMidi.a */ = {isa = PBXFileReference; lastKnownFileType = archive.ar; name = libaxMidi.a; path = ../../../../usr/local/lib/libaxMidi.a; sourceTree = "<group>"; };
		7C74766F1CA76288009CBE23 /* libfreetype.a */ = {isa = PBXFileReference; lastKnownFileType = archive.ar; name = libfreetype.a; path = ../../../../usr/local/lib/libfreetype.a; sourceTree = "<group>"; };
		7C7476701CA76288009CBE23 /* libOpenAX.a */ = {isa = PBXFileReference; lastKnownFileType = archive.ar; name = libOpenAX.a; path = ../../../../usr/local/lib/libOpenAX.a; sourceTree = "<group>"; };
		7C7476711CA76288009CBE23 /* libpng16.a */ = {isa = PBXFileReference; lastKnownFileType = archive.ar; name = libpng16.a; path = ../../../../usr/local/lib/libpng16.a; sourceTree = "<group>"; };
		7C7476721CA76288009CBE23 /* libsndfile.a */ = {isa = PBXFileReference; lastKnownFileType = archive.ar; name = libsndfile.a; path = ../../../../usr/local/lib/libsndfile.a; sourceTree = "<group>"; };
		7C7476791CA7675E009CBE23 /* CoreAudioKit.framework */ = {isa = PBXFileReference; lastKnownFileType = wrapper.framework; name = CoreAudioKit.framework; path = System/Library/Frameworks/CoreAudioKit.framework; sourceTree = SDKROOT; };
		7C74767B1CA76766009CBE23 /* AudioUnit.framework */ = {isa = PBXFileReference; lastKnownFileType = wrapper.framework; name = AudioUnit.framework; path = System/Library/Frameworks/AudioUnit.framework; sourceTree = SDKROOT; };
		7C74767D1CA7677E009CBE23 /* Carbon.framework */ = {isa = PBXFileReference; lastKnownFileType = wrapper.framework; name = Carbon.framework; path = System/Library/Frameworks/Carbon.framework; sourceTree = SDKROOT; };
		7C74767F1CA767FF009CBE23 /* CoreServices.framework */ = {isa = PBXFileReference; lastKnownFileType = wrapper.framework; name = CoreServices.framework; path = System/Library/Frameworks/CoreServices.framework; sourceTree = SDKROOT; };
		7C7476811CA7680A009CBE23 /* CoreFoundation.framework */ = {isa = PBXFileReference; lastKnownFileType = wrapper.framework; name = CoreFoundation.framework; path = System/Library/Frameworks/CoreFoundation.framework; sourceTree = SDKROOT; };
		7C7476831CA76956009CBE23 /* AudioToolbox.framework */ = {isa = PBXFileReference; lastKnownFileType = wrapper.framework; name = AudioToolbox.framework; path = System/Library/Frameworks/AudioToolbox.framework; sourceTree = SDKROOT; };
		7C7476871CA76A0C009CBE23 /* libz.dylib */ = {isa = PBXFileReference; lastKnownFileType = "compiled.mach-o.dylib"; name = libz.dylib; path = ../../../../usr/lib/libz.dylib; sourceTree = "<group>"; };
		7C7476891CA76A34009CBE23 /* libbz2.dylib */ = {isa = PBXFileReference; lastKnownFileType = "compiled.mach-o.dylib"; name = libbz2.dylib; path = ../../../../usr/lib/libbz2.dylib; sourceTree = "<group>"; };
		7C7B74641CC08778006EF72E /* PythonWrapperUtils.cpp */ = {isa = PBXFileReference; fileEncoding = 4; lastKnownFileType = sourcecode.cpp.cpp; path = PythonWrapperUtils.cpp; sourceTree = "<group>"; };
		7C7B74651CC08778006EF72E /* PythonWrapperUtils.h */ = {isa = PBXFileReference; fileEncoding = 4; lastKnownFileType = sourcecode.c.h; path = PythonWrapperUtils.h; sourceTree = "<group>"; };
		7C7B74661CC08778006EF72E /* PythonWrapper.cpp */ = {isa = PBXFileReference; fileEncoding = 4; lastKnownFileType = sourcecode.cpp.cpp; path = PythonWrapper.cpp; sourceTree = "<group>"; };
		7C7B74671CC08778006EF72E /* PythonWrapper.h */ = {isa = PBXFileReference; fileEncoding = 4; lastKnownFileType = sourcecode.c.h; path = PythonWrapper.h; sourceTree = "<group>"; };
		7C7B746A1CC087C3006EF72E /* libboost_python.a */ = {isa = PBXFileReference; lastKnownFileType = archive.ar; name = libboost_python.a; path = ../../../../usr/local/lib/libboost_python.a; sourceTree = "<group>"; };
		7C7B746C1CC0B0B5006EF72E /* PanelPyWrapper.cpp */ = {isa = PBXFileReference; fileEncoding = 4; lastKnownFileType = sourcecode.cpp.cpp; path = PanelPyWrapper.cpp; sourceTree = "<group>"; };
		7C7B746D1CC0B0B5006EF72E /* PanelPyWrapper.h */ = {isa = PBXFileReference; fileEncoding = 4; lastKnownFileType = sourcecode.c.h; path = PanelPyWrapper.h; sourceTree = "<group>"; };
		7C9219351CB8091000AB6AF6 /* atMenuIntegerAttribute.cpp */ = {isa = PBXFileReference; fileEncoding = 4; lastKnownFileType = sourcecode.cpp.cpp; path = atMenuIntegerAttribute.cpp; sourceTree = "<group>"; };
		7C9219361CB8091000AB6AF6 /* atMenuIntegerAttribute.hpp */ = {isa = PBXFileReference; fileEncoding = 4; lastKnownFileType = sourcecode.cpp.h; path = atMenuIntegerAttribute.hpp; sourceTree = "<group>"; };
		7C9219381CB8314900AB6AF6 /* atMenuPointAttribute.cpp */ = {isa = PBXFileReference; fileEncoding = 4; lastKnownFileType = sourcecode.cpp.cpp; path = atMenuPointAttribute.cpp; sourceTree = "<group>"; };
		7C9219391CB8314900AB6AF6 /* atMenuPointAttribute.hpp */ = {isa = PBXFileReference; fileEncoding = 4; lastKnownFileType = sourcecode.cpp.h; path = atMenuPointAttribute.hpp; sourceTree = "<group>"; };
		7C92193B1CB894EB00AB6AF6 /* atSkin.cpp */ = {isa = PBXFileReference; fileEncoding = 4; lastKnownFileType = sourcecode.cpp.cpp; path = atSkin.cpp; sourceTree = "<group>"; };
		7C92193C1CB894EB00AB6AF6 /* atSkin.hpp */ = {isa = PBXFileReference; fileEncoding = 4; lastKnownFileType = sourcecode.cpp.h; path = atSkin.hpp; sourceTree = "<group>"; };
		7CBD41561CB60033000A22C5 /* atMenuColorAttribute.cpp */ = {isa = PBXFileReference; fileEncoding = 4; lastKnownFileType = sourcecode.cpp.cpp; path = atMenuColorAttribute.cpp; sourceTree = "<group>"; };
		7CBD41571CB60033000A22C5 /* atMenuColorAttribute.hpp */ = {isa = PBXFileReference; fileEncoding = 4; lastKnownFileType = sourcecode.cpp.h; path = atMenuColorAttribute.hpp; sourceTree = "<group>"; };
		7CBD415C1CB6973C000A22C5 /* atMenuBoolAttribute.cpp */ = {isa = PBXFileReference; fileEncoding = 4; lastKnownFileType = sourcecode.cpp.cpp; path = atMenuBoolAttribute.cpp; sourceTree = "<group>"; };
		7CBD415D1CB6973C000A22C5 /* atMenuBoolAttribute.hpp */ = {isa = PBXFileReference; fileEncoding = 4; lastKnownFileType = sourcecode.cpp.h; path = atMenuBoolAttribute.hpp; sourceTree = "<group>"; };
		7CBD415F1CB6A251000A22C5 /* atMenuSizeAttribute.cpp */ = {isa = PBXFileReference; fileEncoding = 4; lastKnownFileType = sourcecode.cpp.cpp; path = atMenuSizeAttribute.cpp; sourceTree = "<group>"; };
		7CBD41601CB6A251000A22C5 /* atMenuSizeAttribute.hpp */ = {isa = PBXFileReference; fileEncoding = 4; lastKnownFileType = sourcecode.cpp.h; path = atMenuSizeAttribute.hpp; sourceTree = "<group>"; };
		7CE7BF2B1CBC452C004350B6 /* atConsole.cpp */ = {isa = PBXFileReference; fileEncoding = 4; lastKnownFileType = sourcecode.cpp.cpp; path = atConsole.cpp; sourceTree = "<group>"; };
		7CE7BF2C1CBC452D004350B6 /* atConsole.h */ = {isa = PBXFileReference; fileEncoding = 4; lastKnownFileType = sourcecode.c.h; path = atConsole.h; sourceTree = "<group>"; };
		7CE7BF2E1CBC4629004350B6 /* atEditorBottomSection.cpp */ = {isa = PBXFileReference; fileEncoding = 4; lastKnownFileType = sourcecode.cpp.cpp; path = atEditorBottomSection.cpp; sourceTree = "<group>"; };
		7CE7BF2F1CBC4629004350B6 /* atEditorBottomSection.h */ = {isa = PBXFileReference; fileEncoding = 4; lastKnownFileType = sourcecode.c.h; path = atEditorBottomSection.h; sourceTree = "<group>"; };
		7CF1D82A1C9207DD00AAAC01 /* AudioTools.app */ = {isa = PBXFileReference; explicitFileType = wrapper.application; includeInIndex = 0; path = AudioTools.app; sourceTree = BUILT_PRODUCTS_DIR; };
		7CF1D8331C9207DE00AAAC01 /* Assets.xcassets */ = {isa = PBXFileReference; lastKnownFileType = folder.assetcatalog; path = Assets.xcassets; sourceTree = "<group>"; };
		7CF1D8381C9207DE00AAAC01 /* Info.plist */ = {isa = PBXFileReference; lastKnownFileType = text.plist.xml; path = Info.plist; sourceTree = "<group>"; };
		7CF1D83E1C9207F400AAAC01 /* MainMenu.xib */ = {isa = PBXFileReference; fileEncoding = 4; lastKnownFileType = file.xib; name = MainMenu.xib; path = ../MainMenu.xib; sourceTree = "<group>"; };
		7CF1D8451C9208A500AAAC01 /* Python.framework */ = {isa = PBXFileReference; lastKnownFileType = wrapper.framework; name = Python.framework; path = /Applications/Xcode.app/Contents/Developer/Platforms/MacOSX.platform/Developer/SDKs/MacOSX10.11.sdk/System/Library/Frameworks/Python.framework; sourceTree = "<absolute>"; };
		7CF1D8461C9208A500AAAC01 /* CoreMIDI.framework */ = {isa = PBXFileReference; lastKnownFileType = wrapper.framework; name = CoreMIDI.framework; path = /Applications/Xcode.app/Contents/Developer/Platforms/MacOSX.platform/Developer/SDKs/MacOSX10.11.sdk/System/Library/Frameworks/CoreMIDI.framework; sourceTree = "<absolute>"; };
		7CF1D8471C9208A500AAAC01 /* CoreAudio.framework */ = {isa = PBXFileReference; lastKnownFileType = wrapper.framework; name = CoreAudio.framework; path = /Applications/Xcode.app/Contents/Developer/Platforms/MacOSX.platform/Developer/SDKs/MacOSX10.11.sdk/System/Library/Frameworks/CoreAudio.framework; sourceTree = "<absolute>"; };
		7CF1D8481C9208A500AAAC01 /* OpenGL.framework */ = {isa = PBXFileReference; lastKnownFileType = wrapper.framework; name = OpenGL.framework; path = /Applications/Xcode.app/Contents/Developer/Platforms/MacOSX.platform/Developer/SDKs/MacOSX10.11.sdk/System/Library/Frameworks/OpenGL.framework; sourceTree = "<absolute>"; };
		7CF1D8491C9208A500AAAC01 /* Cocoa.framework */ = {isa = PBXFileReference; lastKnownFileType = wrapper.framework; name = Cocoa.framework; path = /Applications/Xcode.app/Contents/Developer/Platforms/MacOSX.platform/Developer/SDKs/MacOSX10.11.sdk/System/Library/Frameworks/Cocoa.framework; sourceTree = "<absolute>"; };
		7CF1D8701C921DCC00AAAC01 /* atEditor.h */ = {isa = PBXFileReference; lastKnownFileType = sourcecode.c.h; path = atEditor.h; sourceTree = "<group>"; };
		7CF1D8711C921DCC00AAAC01 /* atEditorGridWindow.h */ = {isa = PBXFileReference; lastKnownFileType = sourcecode.c.h; path = atEditorGridWindow.h; sourceTree = "<group>"; };
		7CF1D8721C921DCC00AAAC01 /* atEditorInspectorMenu.h */ = {isa = PBXFileReference; lastKnownFileType = sourcecode.c.h; path = atEditorInspectorMenu.h; sourceTree = "<group>"; };
		7CF1D8731C921DCC00AAAC01 /* atEditorLoader.h */ = {isa = PBXFileReference; lastKnownFileType = sourcecode.c.h; path = atEditorLoader.h; sourceTree = "<group>"; };
		7CF1D8741C921DCC00AAAC01 /* atEditorMainWindow.h */ = {isa = PBXFileReference; lastKnownFileType = sourcecode.c.h; path = atEditorMainWindow.h; sourceTree = "<group>"; };
		7CF1D8751C921DCC00AAAC01 /* atEditorStatusBar.h */ = {isa = PBXFileReference; lastKnownFileType = sourcecode.c.h; path = atEditorStatusBar.h; sourceTree = "<group>"; };
		7CF1D8761C921DCC00AAAC01 /* atEditorWidgetMenu.h */ = {isa = PBXFileReference; lastKnownFileType = sourcecode.c.h; path = atEditorWidgetMenu.h; sourceTree = "<group>"; };
		7CF1D8771C921DCC00AAAC01 /* CodeEditor.h */ = {isa = PBXFileReference; lastKnownFileType = sourcecode.c.h; path = CodeEditor.h; sourceTree = "<group>"; };
		7CF1D87D1C921DCC00AAAC01 /* atOpenDialog.hpp */ = {isa = PBXFileReference; lastKnownFileType = sourcecode.cpp.h; path = atOpenDialog.hpp; sourceTree = "<group>"; };
		7CF1D87E1C921DCC00AAAC01 /* atSaveDialog.hpp */ = {isa = PBXFileReference; lastKnownFileType = sourcecode.cpp.h; path = atSaveDialog.hpp; sourceTree = "<group>"; };
		7CF1D8801C921DCC00AAAC01 /* TextEditor.h */ = {isa = PBXFileReference; lastKnownFileType = sourcecode.c.h; path = TextEditor.h; sourceTree = "<group>"; };
		7CF1D8811C921DCC00AAAC01 /* TextEditorLogic.h */ = {isa = PBXFileReference; lastKnownFileType = sourcecode.c.h; path = TextEditorLogic.h; sourceTree = "<group>"; };
		7CF1D8821C921DDF00AAAC01 /* atEditor.cpp */ = {isa = PBXFileReference; fileEncoding = 4; lastKnownFileType = sourcecode.cpp.cpp; path = atEditor.cpp; sourceTree = "<group>"; };
		7CF1D8841C921DDF00AAAC01 /* atEditorGridWindow.cpp */ = {isa = PBXFileReference; fileEncoding = 4; lastKnownFileType = sourcecode.cpp.cpp; path = atEditorGridWindow.cpp; sourceTree = "<group>"; };
		7CF1D8851C921DDF00AAAC01 /* axEditorInspectorMenu.cpp */ = {isa = PBXFileReference; fileEncoding = 4; lastKnownFileType = sourcecode.cpp.cpp; path = axEditorInspectorMenu.cpp; sourceTree = "<group>"; };
		7CF1D8861C921DDF00AAAC01 /* atEditorLoader.cpp */ = {isa = PBXFileReference; fileEncoding = 4; lastKnownFileType = sourcecode.cpp.cpp; path = atEditorLoader.cpp; sourceTree = "<group>"; };
		7CF1D8871C921DDF00AAAC01 /* atEditorMainWindow.cpp */ = {isa = PBXFileReference; fileEncoding = 4; lastKnownFileType = sourcecode.cpp.cpp; path = atEditorMainWindow.cpp; sourceTree = "<group>"; };
		7CF1D8891C921DDF00AAAC01 /* atEditorStatusBar.cpp */ = {isa = PBXFileReference; fileEncoding = 4; lastKnownFileType = sourcecode.cpp.cpp; path = atEditorStatusBar.cpp; sourceTree = "<group>"; };
		7CF1D88A1C921DDF00AAAC01 /* atEditorWidgetMenu.cpp */ = {isa = PBXFileReference; fileEncoding = 4; lastKnownFileType = sourcecode.cpp.cpp; path = atEditorWidgetMenu.cpp; sourceTree = "<group>"; };
		7CF1D88C1C921DDF00AAAC01 /* CodeEditor.cpp */ = {isa = PBXFileReference; fileEncoding = 4; lastKnownFileType = sourcecode.cpp.cpp; path = CodeEditor.cpp; sourceTree = "<group>"; };
		7CF1D8921C921DDF00AAAC01 /* atOpenDialog.cpp */ = {isa = PBXFileReference; fileEncoding = 4; lastKnownFileType = sourcecode.cpp.cpp; path = atOpenDialog.cpp; sourceTree = "<group>"; };
		7CF1D8931C921DDF00AAAC01 /* mdiSaveDialog.cpp */ = {isa = PBXFileReference; fileEncoding = 4; lastKnownFileType = sourcecode.cpp.cpp; path = mdiSaveDialog.cpp; sourceTree = "<group>"; };
		7CF1D8951C921DDF00AAAC01 /* TextEditor.cpp */ = {isa = PBXFileReference; fileEncoding = 4; lastKnownFileType = sourcecode.cpp.cpp; path = TextEditor.cpp; sourceTree = "<group>"; };
		7CF1D8961C921DDF00AAAC01 /* TextEditorLogic.cpp */ = {isa = PBXFileReference; fileEncoding = 4; lastKnownFileType = sourcecode.cpp.cpp; path = TextEditorLogic.cpp; sourceTree = "<group>"; };
		7CF1D8AC1C921DF800AAAC01 /* main.cpp */ = {isa = PBXFileReference; fileEncoding = 4; lastKnownFileType = sourcecode.cpp.cpp; path = main.cpp; sourceTree = "<group>"; };
		7CF1D8AD1C921DF800AAAC01 /* PyoAudio.cpp */ = {isa = PBXFileReference; fileEncoding = 4; lastKnownFileType = sourcecode.cpp.cpp; path = PyoAudio.cpp; sourceTree = "<group>"; };
		7CF1D8AE1C921DF800AAAC01 /* PyoAudio.h */ = {isa = PBXFileReference; fileEncoding = 4; lastKnownFileType = sourcecode.c.h; path = PyoAudio.h; sourceTree = "<group>"; };
		7CF1D8AF1C921DF800AAAC01 /* m_pyo.h */ = {isa = PBXFileReference; fileEncoding = 4; lastKnownFileType = sourcecode.c.h; path = m_pyo.h; sourceTree = "<group>"; };
		7CF1D8B01C921DF800AAAC01 /* Pyo.cpp */ = {isa = PBXFileReference; fileEncoding = 4; lastKnownFileType = sourcecode.cpp.cpp; path = Pyo.cpp; sourceTree = "<group>"; };
		7CF1D8B11C921DF800AAAC01 /* Pyo.h */ = {isa = PBXFileReference; fileEncoding = 4; lastKnownFileType = sourcecode.c.h; path = Pyo.h; sourceTree = "<group>"; };
		7CF1D8B21C921DF800AAAC01 /* PyoComponent.cpp */ = {isa = PBXFileReference; fileEncoding = 4; lastKnownFileType = sourcecode.cpp.cpp; path = PyoComponent.cpp; sourceTree = "<group>"; };
		7CF1D8B31C921DF800AAAC01 /* PyoComponent.h */ = {isa = PBXFileReference; fileEncoding = 4; lastKnownFileType = sourcecode.c.h; path = PyoComponent.h; sourceTree = "<group>"; };
		7CF1D9D01C944C8500AAAC01 /* atCommon.h */ = {isa = PBXFileReference; lastKnownFileType = sourcecode.c.h; path = atCommon.h; sourceTree = "<group>"; };
/* End PBXFileReference section */

/* Begin PBXFrameworksBuildPhase section */
		7CF1D8271C9207DD00AAAC01 /* Frameworks */ = {
			isa = PBXFrameworksBuildPhase;
			buildActionMask = 2147483647;
			files = (
				7C7476841CA76956009CBE23 /* AudioToolbox.framework in Frameworks */,
				7C7476821CA7680A009CBE23 /* CoreFoundation.framework in Frameworks */,
				7C7476801CA767FF009CBE23 /* CoreServices.framework in Frameworks */,
				7C7B746B1CC087C3006EF72E /* libboost_python.a in Frameworks */,
				7C74767E1CA7677E009CBE23 /* Carbon.framework in Frameworks */,
				7C74768A1CA76A34009CBE23 /* libbz2.dylib in Frameworks */,
				7C74767C1CA76766009CBE23 /* AudioUnit.framework in Frameworks */,
				7C7476881CA76A0C009CBE23 /* libz.dylib in Frameworks */,
				7C74767A1CA7675E009CBE23 /* CoreAudioKit.framework in Frameworks */,
				7CF1D8511C9208A500AAAC01 /* Cocoa.framework in Frameworks */,
				7CF1D84F1C9208A500AAAC01 /* CoreAudio.framework in Frameworks */,
				7CF1D8501C9208A500AAAC01 /* OpenGL.framework in Frameworks */,
				7CF1D84D1C9208A500AAAC01 /* Python.framework in Frameworks */,
				7CF1D84E1C9208A500AAAC01 /* CoreMIDI.framework in Frameworks */,
			);
			runOnlyForDeploymentPostprocessing = 0;
		};
/* End PBXFrameworksBuildPhase section */

/* Begin PBXGroup section */
		7C055FAA1C947D78004527C3 /* InspectorMenu */ = {
			isa = PBXGroup;
			children = (
				7C5AD9481CBDD2D6002D8E57 /* include */,
				7C5AD9491CBDD2DF002D8E57 /* source */,
			);
			name = InspectorMenu;
			sourceTree = "<group>";
		};
		7C213B131CA0318B0050F676 /* Editor */ = {
			isa = PBXGroup;
			children = (
				7C055FAA1C947D78004527C3 /* InspectorMenu */,
				7CF1D8DB1C93801B00AAAC01 /* CodeEditor */,
				7C213B151CA031A90050F676 /* include */,
				7C213B141CA031A20050F676 /* source */,
			);
			name = Editor;
			sourceTree = "<group>";
		};
		7C213B141CA031A20050F676 /* source */ = {
			isa = PBXGroup;
			children = (
				7C92193B1CB894EB00AB6AF6 /* atSkin.cpp */,
				7CE7BF2B1CBC452C004350B6 /* atConsole.cpp */,
				7CE7BF2E1CBC4629004350B6 /* atEditorBottomSection.cpp */,
				7CF1D8821C921DDF00AAAC01 /* atEditor.cpp */,
				7CF1D8841C921DDF00AAAC01 /* atEditorGridWindow.cpp */,
				7CF1D8861C921DDF00AAAC01 /* atEditorLoader.cpp */,
				7CF1D8871C921DDF00AAAC01 /* atEditorMainWindow.cpp */,
				7CF1D8891C921DDF00AAAC01 /* atEditorStatusBar.cpp */,
				7CF1D88A1C921DDF00AAAC01 /* atEditorWidgetMenu.cpp */,
			);
			name = source;
			sourceTree = "<group>";
		};
		7C213B151CA031A90050F676 /* include */ = {
			isa = PBXGroup;
			children = (
				7C92193C1CB894EB00AB6AF6 /* atSkin.hpp */,
				7CE7BF2C1CBC452D004350B6 /* atConsole.h */,
				7CE7BF2F1CBC4629004350B6 /* atEditorBottomSection.h */,
				7CF1D8701C921DCC00AAAC01 /* atEditor.h */,
				7CF1D8711C921DCC00AAAC01 /* atEditorGridWindow.h */,
				7CF1D8731C921DCC00AAAC01 /* atEditorLoader.h */,
				7CF1D8741C921DCC00AAAC01 /* atEditorMainWindow.h */,
				7CF1D8751C921DCC00AAAC01 /* atEditorStatusBar.h */,
				7CF1D8761C921DCC00AAAC01 /* atEditorWidgetMenu.h */,
			);
			name = include;
			sourceTree = "<group>";
		};
		7C5AD9481CBDD2D6002D8E57 /* include */ = {
			isa = PBXGroup;
			children = (
				7CF1D8721C921DCC00AAAC01 /* atEditorInspectorMenu.h */,
				7C055FAC1C947DA8004527C3 /* atMenuAttribute.h */,
				7CBD41571CB60033000A22C5 /* atMenuColorAttribute.hpp */,
				7CBD415D1CB6973C000A22C5 /* atMenuBoolAttribute.hpp */,
				7CBD41601CB6A251000A22C5 /* atMenuSizeAttribute.hpp */,
				7C9219361CB8091000AB6AF6 /* atMenuIntegerAttribute.hpp */,
				7C9219391CB8314900AB6AF6 /* atMenuPointAttribute.hpp */,
			);
			name = include;
			sourceTree = "<group>";
		};
		7C5AD9491CBDD2DF002D8E57 /* source */ = {
			isa = PBXGroup;
			children = (
				7CF1D8851C921DDF00AAAC01 /* axEditorInspectorMenu.cpp */,
				7C055FAB1C947DA8004527C3 /* atMenuAttribute.cpp */,
				7CBD41561CB60033000A22C5 /* atMenuColorAttribute.cpp */,
				7CBD415C1CB6973C000A22C5 /* atMenuBoolAttribute.cpp */,
				7CBD415F1CB6A251000A22C5 /* atMenuSizeAttribute.cpp */,
				7C9219351CB8091000AB6AF6 /* atMenuIntegerAttribute.cpp */,
				7C9219381CB8314900AB6AF6 /* atMenuPointAttribute.cpp */,
			);
			name = source;
			sourceTree = "<group>";
		};
		7C5AD94A1CBDD322002D8E57 /* include */ = {
			isa = PBXGroup;
			children = (
				7CF1D8771C921DCC00AAAC01 /* CodeEditor.h */,
				7CF1D8801C921DCC00AAAC01 /* TextEditor.h */,
				7CF1D8811C921DCC00AAAC01 /* TextEditorLogic.h */,
			);
			name = include;
			sourceTree = "<group>";
		};
		7C5AD94B1CBDD327002D8E57 /* source */ = {
			isa = PBXGroup;
			children = (
				7CF1D88C1C921DDF00AAAC01 /* CodeEditor.cpp */,
				7CF1D8951C921DDF00AAAC01 /* TextEditor.cpp */,
				7CF1D8961C921DDF00AAAC01 /* TextEditorLogic.cpp */,
			);
			name = source;
			sourceTree = "<group>";
		};
		7C5AD94F1CBDDE83002D8E57 /* include */ = {
			isa = PBXGroup;
			children = (
				7CF1D87D1C921DCC00AAAC01 /* atOpenDialog.hpp */,
				7C5AD94D1CBDDE1A002D8E57 /* atPreferenceDialog.h */,
				7CF1D87E1C921DCC00AAAC01 /* atSaveDialog.hpp */,
				7C213B171CA05E460050F676 /* atSplashDialog.hpp */,
			);
			name = include;
			sourceTree = "<group>";
		};
		7C5AD9501CBDDE87002D8E57 /* source */ = {
			isa = PBXGroup;
			children = (
				7CF1D8921C921DDF00AAAC01 /* atOpenDialog.cpp */,
				7C5AD94C1CBDDE1A002D8E57 /* atPreferenceDialog.cpp */,
				7C213B161CA05E460050F676 /* atSplashDialog.cpp */,
				7CF1D8931C921DDF00AAAC01 /* mdiSaveDialog.cpp */,
			);
			name = source;
			sourceTree = "<group>";
		};
		7C9219341CB7F7BD00AB6AF6 /* Dialog */ = {
			isa = PBXGroup;
			children = (
				7C5AD94F1CBDDE83002D8E57 /* include */,
				7C5AD9501CBDDE87002D8E57 /* source */,
			);
			name = Dialog;
			sourceTree = "<group>";
		};
		7CF1D8211C9207DD00AAAC01 = {
			isa = PBXGroup;
			children = (
				7C7476831CA76956009CBE23 /* AudioToolbox.framework */,
				7C7476811CA7680A009CBE23 /* CoreFoundation.framework */,
				7C74767F1CA767FF009CBE23 /* CoreServices.framework */,
				7C74767D1CA7677E009CBE23 /* Carbon.framework */,
				7C74767B1CA76766009CBE23 /* AudioUnit.framework */,
				7C7476791CA7675E009CBE23 /* CoreAudioKit.framework */,
				7CF1D8451C9208A500AAAC01 /* Python.framework */,
				7CF1D8461C9208A500AAAC01 /* CoreMIDI.framework */,
				7CF1D8471C9208A500AAAC01 /* CoreAudio.framework */,
				7CF1D8481C9208A500AAAC01 /* OpenGL.framework */,
				7CF1D8491C9208A500AAAC01 /* Cocoa.framework */,
				7C7476871CA76A0C009CBE23 /* libz.dylib */,
				7C7476891CA76A34009CBE23 /* libbz2.dylib */,
				7C7B746A1CC087C3006EF72E /* libboost_python.a */,
				7C74766D1CA76288009CBE23 /* libaxAudio.a */,
				7C74766E1CA76288009CBE23 /* libaxMidi.a */,
				7C74766F1CA76288009CBE23 /* libfreetype.a */,
				7C7476701CA76288009CBE23 /* libOpenAX.a */,
				7C7476711CA76288009CBE23 /* libpng16.a */,
				7C7476721CA76288009CBE23 /* libsndfile.a */,
				7CF1D82C1C9207DD00AAAC01 /* AudioTools */,
				7CF1D82B1C9207DD00AAAC01 /* Products */,
			);
			sourceTree = "<group>";
		};
		7CF1D82B1C9207DD00AAAC01 /* Products */ = {
			isa = PBXGroup;
			children = (
				7CF1D82A1C9207DD00AAAC01 /* AudioTools.app */,
			);
			name = Products;
			sourceTree = "<group>";
		};
		7CF1D82C1C9207DD00AAAC01 /* AudioTools */ = {
			isa = PBXGroup;
			children = (
				7C5AD9521CBEBE4B002D8E57 /* DropMenuBox.cpp */,
				7C5AD9531CBEBE4B002D8E57 /* DropMenuBox.h */,
				7CF1D8331C9207DE00AAAC01 /* Assets.xcassets */,
				7CF1D9D01C944C8500AAAC01 /* atCommon.h */,
				7CF1D9CF1C938FC400AAAC01 /* pyo */,
				7C9219341CB7F7BD00AB6AF6 /* Dialog */,
				7C213B131CA0318B0050F676 /* Editor */,
				7CF1D86E1C921DBB00AAAC01 /* include */,
				7CF1D8381C9207DE00AAAC01 /* Info.plist */,
				7CF1D8AC1C921DF800AAAC01 /* main.cpp */,
				7CF1D83E1C9207F400AAAC01 /* MainMenu.xib */,
				7CF1D86F1C921DC100AAAC01 /* source */,
				7C7B74641CC08778006EF72E /* PythonWrapperUtils.cpp */,
				7C7B74651CC08778006EF72E /* PythonWrapperUtils.h */,
				7C7B74661CC08778006EF72E /* PythonWrapper.cpp */,
				7C7B74671CC08778006EF72E /* PythonWrapper.h */,
				7C7B746C1CC0B0B5006EF72E /* PanelPyWrapper.cpp */,
				7C7B746D1CC0B0B5006EF72E /* PanelPyWrapper.h */,
			);
			path = AudioTools;
			sourceTree = "<group>";
		};
		7CF1D86E1C921DBB00AAAC01 /* include */ = {
			isa = PBXGroup;
			children = (
				7C2138D31C9B252C0050F676 /* atVolumeMeter.hpp */,
			);
			name = include;
			sourceTree = "<group>";
		};
		7CF1D86F1C921DC100AAAC01 /* source */ = {
			isa = PBXGroup;
			children = (
				7C2138D21C9B252C0050F676 /* atVolumeMeter.cpp */,
			);
			name = source;
			sourceTree = "<group>";
		};
		7CF1D8DB1C93801B00AAAC01 /* CodeEditor */ = {
			isa = PBXGroup;
			children = (
				7C5AD94A1CBDD322002D8E57 /* include */,
				7C5AD94B1CBDD327002D8E57 /* source */,
			);
			name = CodeEditor;
			sourceTree = "<group>";
		};
		7CF1D9CF1C938FC400AAAC01 /* pyo */ = {
			isa = PBXGroup;
			children = (
				7CF1D8AD1C921DF800AAAC01 /* PyoAudio.cpp */,
				7CF1D8AE1C921DF800AAAC01 /* PyoAudio.h */,
				7CF1D8AF1C921DF800AAAC01 /* m_pyo.h */,
				7CF1D8B01C921DF800AAAC01 /* Pyo.cpp */,
				7CF1D8B11C921DF800AAAC01 /* Pyo.h */,
				7CF1D8B21C921DF800AAAC01 /* PyoComponent.cpp */,
				7CF1D8B31C921DF800AAAC01 /* PyoComponent.h */,
			);
			name = pyo;
			sourceTree = "<group>";
		};
/* End PBXGroup section */

/* Begin PBXNativeTarget section */
		7CF1D8291C9207DD00AAAC01 /* AudioTools */ = {
			isa = PBXNativeTarget;
			buildConfigurationList = 7CF1D83B1C9207DE00AAAC01 /* Build configuration list for PBXNativeTarget "AudioTools" */;
			buildPhases = (
				7CF1D8261C9207DD00AAAC01 /* Sources */,
				7CF1D8271C9207DD00AAAC01 /* Frameworks */,
				7CF1D8281C9207DD00AAAC01 /* Resources */,
			);
			buildRules = (
			);
			dependencies = (
			);
			name = AudioTools;
			productName = AudioTools;
			productReference = 7CF1D82A1C9207DD00AAAC01 /* AudioTools.app */;
			productType = "com.apple.product-type.application";
		};
/* End PBXNativeTarget section */

/* Begin PBXProject section */
		7CF1D8221C9207DD00AAAC01 /* Project object */ = {
			isa = PBXProject;
			attributes = {
				LastUpgradeCheck = 0720;
				ORGANIZATIONNAME = "Alexandre Arsenault";
				TargetAttributes = {
					7CF1D8291C9207DD00AAAC01 = {
						CreatedOnToolsVersion = 7.2.1;
					};
				};
			};
			buildConfigurationList = 7CF1D8251C9207DD00AAAC01 /* Build configuration list for PBXProject "AudioTools" */;
			compatibilityVersion = "Xcode 3.2";
			developmentRegion = English;
			hasScannedForEncodings = 0;
			knownRegions = (
				en,
				Base,
			);
			mainGroup = 7CF1D8211C9207DD00AAAC01;
			productRefGroup = 7CF1D82B1C9207DD00AAAC01 /* Products */;
			projectDirPath = "";
			projectRoot = "";
			targets = (
				7CF1D8291C9207DD00AAAC01 /* AudioTools */,
			);
		};
/* End PBXProject section */

/* Begin PBXResourcesBuildPhase section */
		7CF1D8281C9207DD00AAAC01 /* Resources */ = {
			isa = PBXResourcesBuildPhase;
			buildActionMask = 2147483647;
			files = (
				7CF1D8341C9207DE00AAAC01 /* Assets.xcassets in Resources */,
				7CF1D83F1C9207F400AAAC01 /* MainMenu.xib in Resources */,
			);
			runOnlyForDeploymentPostprocessing = 0;
		};
/* End PBXResourcesBuildPhase section */

/* Begin PBXSourcesBuildPhase section */
		7CF1D8261C9207DD00AAAC01 /* Sources */ = {
			isa = PBXSourcesBuildPhase;
			buildActionMask = 2147483647;
			files = (
				7CE7BF2D1CBC452D004350B6 /* atConsole.cpp in Sources */,
				7C213B181CA05E460050F676 /* atSplashDialog.cpp in Sources */,
				7CF1D8B61C921DF800AAAC01 /* Pyo.cpp in Sources */,
				7CBD41581CB60033000A22C5 /* atMenuColorAttribute.cpp in Sources */,
				7C055FAD1C947DA8004527C3 /* atMenuAttribute.cpp in Sources */,
				7C7B74691CC08778006EF72E /* PythonWrapper.cpp in Sources */,
				7CF1D8991C921DDF00AAAC01 /* atEditorGridWindow.cpp in Sources */,
				7C92193D1CB894EB00AB6AF6 /* atSkin.cpp in Sources */,
				7CF1D8AB1C921DDF00AAAC01 /* TextEditorLogic.cpp in Sources */,
				7CF1D8B41C921DF800AAAC01 /* main.cpp in Sources */,
				7C7B74681CC08778006EF72E /* PythonWrapperUtils.cpp in Sources */,
				7CF1D8A11C921DDF00AAAC01 /* CodeEditor.cpp in Sources */,
				7C2138D41C9B252C0050F676 /* atVolumeMeter.cpp in Sources */,
				7CF1D89C1C921DDF00AAAC01 /* atEditorMainWindow.cpp in Sources */,
				7CBD415E1CB6973C000A22C5 /* atMenuBoolAttribute.cpp in Sources */,
				7C9219371CB8091000AB6AF6 /* atMenuIntegerAttribute.cpp in Sources */,
				7CE7BF301CBC4629004350B6 /* atEditorBottomSection.cpp in Sources */,
				7CBD41611CB6A251000A22C5 /* atMenuSizeAttribute.cpp in Sources */,
				7CF1D8A71C921DDF00AAAC01 /* atOpenDialog.cpp in Sources */,
				7CF1D8B71C921DF800AAAC01 /* PyoComponent.cpp in Sources */,
				7CF1D89B1C921DDF00AAAC01 /* atEditorLoader.cpp in Sources */,
				7CF1D8A81C921DDF00AAAC01 /* mdiSaveDialog.cpp in Sources */,
				7C92193A1CB8314900AB6AF6 /* atMenuPointAttribute.cpp in Sources */,
				7CF1D89A1C921DDF00AAAC01 /* axEditorInspectorMenu.cpp in Sources */,
				7CF1D8B51C921DF800AAAC01 /* PyoAudio.cpp in Sources */,
				7C5AD9541CBEBE4B002D8E57 /* DropMenuBox.cpp in Sources */,
				7C5AD94E1CBDDE1A002D8E57 /* atPreferenceDialog.cpp in Sources */,
				7CF1D8971C921DDF00AAAC01 /* atEditor.cpp in Sources */,
				7CF1D89F1C921DDF00AAAC01 /* atEditorWidgetMenu.cpp in Sources */,
				7C7B746E1CC0B0B5006EF72E /* PanelPyWrapper.cpp in Sources */,
				7CF1D89E1C921DDF00AAAC01 /* atEditorStatusBar.cpp in Sources */,
				7CF1D8AA1C921DDF00AAAC01 /* TextEditor.cpp in Sources */,
			);
			runOnlyForDeploymentPostprocessing = 0;
		};
/* End PBXSourcesBuildPhase section */

/* Begin XCBuildConfiguration section */
		7CF1D8391C9207DE00AAAC01 /* Debug */ = {
			isa = XCBuildConfiguration;
			buildSettings = {
				ALWAYS_SEARCH_USER_PATHS = NO;
				CLANG_CXX_LANGUAGE_STANDARD = "gnu++0x";
				CLANG_CXX_LIBRARY = "libc++";
				CLANG_ENABLE_MODULES = YES;
				CLANG_ENABLE_OBJC_ARC = YES;
				CLANG_WARN_BOOL_CONVERSION = YES;
				CLANG_WARN_CONSTANT_CONVERSION = YES;
				CLANG_WARN_DIRECT_OBJC_ISA_USAGE = YES_ERROR;
				CLANG_WARN_EMPTY_BODY = YES;
				CLANG_WARN_ENUM_CONVERSION = YES;
				CLANG_WARN_INT_CONVERSION = YES;
				CLANG_WARN_OBJC_ROOT_CLASS = YES_ERROR;
				CLANG_WARN_UNREACHABLE_CODE = YES;
				CLANG_WARN__DUPLICATE_METHOD_MATCH = YES;
				CODE_SIGN_IDENTITY = "-";
				COPY_PHASE_STRIP = NO;
				DEBUG_INFORMATION_FORMAT = dwarf;
				ENABLE_STRICT_OBJC_MSGSEND = YES;
				ENABLE_TESTABILITY = YES;
				GCC_C_LANGUAGE_STANDARD = gnu99;
				GCC_DYNAMIC_NO_PIC = NO;
				GCC_NO_COMMON_BLOCKS = YES;
				GCC_OPTIMIZATION_LEVEL = 0;
				GCC_PREPROCESSOR_DEFINITIONS = (
					"DEBUG=1",
					"$(inherited)",
					"PYTHON_INCLUDE=/usr/include/python2.7/",
				);
				GCC_WARN_64_TO_32_BIT_CONVERSION = YES;
				GCC_WARN_ABOUT_RETURN_TYPE = YES_ERROR;
				GCC_WARN_UNDECLARED_SELECTOR = YES;
				GCC_WARN_UNINITIALIZED_AUTOS = YES_AGGRESSIVE;
				GCC_WARN_UNUSED_FUNCTION = YES;
				GCC_WARN_UNUSED_VARIABLE = YES;
				HEADER_SEARCH_PATHS = (
					/usr/local/include/freetype2/,
					/usr/local/include/,
				);
				LIBRARY_SEARCH_PATHS = /usr/local/lib/;
				MACOSX_DEPLOYMENT_TARGET = 10.11;
				MTL_ENABLE_DEBUG_INFO = YES;
				ONLY_ACTIVE_ARCH = YES;
				OTHER_LDFLAGS = "";
				SDKROOT = macosx;
			};
			name = Debug;
		};
		7CF1D83A1C9207DE00AAAC01 /* Release */ = {
			isa = XCBuildConfiguration;
			buildSettings = {
				ALWAYS_SEARCH_USER_PATHS = NO;
				CLANG_CXX_LANGUAGE_STANDARD = "gnu++0x";
				CLANG_CXX_LIBRARY = "libc++";
				CLANG_ENABLE_MODULES = YES;
				CLANG_ENABLE_OBJC_ARC = YES;
				CLANG_WARN_BOOL_CONVERSION = YES;
				CLANG_WARN_CONSTANT_CONVERSION = YES;
				CLANG_WARN_DIRECT_OBJC_ISA_USAGE = YES_ERROR;
				CLANG_WARN_EMPTY_BODY = YES;
				CLANG_WARN_ENUM_CONVERSION = YES;
				CLANG_WARN_INT_CONVERSION = YES;
				CLANG_WARN_OBJC_ROOT_CLASS = YES_ERROR;
				CLANG_WARN_UNREACHABLE_CODE = YES;
				CLANG_WARN__DUPLICATE_METHOD_MATCH = YES;
				CODE_SIGN_IDENTITY = "-";
				COPY_PHASE_STRIP = NO;
				DEBUG_INFORMATION_FORMAT = "dwarf-with-dsym";
				ENABLE_NS_ASSERTIONS = NO;
				ENABLE_STRICT_OBJC_MSGSEND = YES;
				GCC_C_LANGUAGE_STANDARD = gnu99;
				GCC_NO_COMMON_BLOCKS = YES;
				GCC_OPTIMIZATION_LEVEL = fast;
				GCC_WARN_64_TO_32_BIT_CONVERSION = YES;
				GCC_WARN_ABOUT_RETURN_TYPE = YES_ERROR;
				GCC_WARN_UNDECLARED_SELECTOR = YES;
				GCC_WARN_UNINITIALIZED_AUTOS = YES_AGGRESSIVE;
				GCC_WARN_UNUSED_FUNCTION = YES;
				GCC_WARN_UNUSED_VARIABLE = YES;
				HEADER_SEARCH_PATHS = (
					/usr/local/include/freetype2/,
					/usr/local/include/,
				);
				LIBRARY_SEARCH_PATHS = /usr/local/lib/;
				MACOSX_DEPLOYMENT_TARGET = 10.11;
				MTL_ENABLE_DEBUG_INFO = NO;
				OTHER_LDFLAGS = "";
				SDKROOT = macosx;
			};
			name = Release;
		};
		7CF1D83C1C9207DE00AAAC01 /* Debug */ = {
			isa = XCBuildConfiguration;
			buildSettings = {
				ASSETCATALOG_COMPILER_APPICON_NAME = AppIcon;
				COMBINE_HIDPI_IMAGES = YES;
				HEADER_SEARCH_PATHS = (
					/usr/local/include/freetype2/,
					/usr/local/include/,
					/Applications/Xcode.app/Contents/Developer/Platforms/MacOSX.platform/Developer/SDKs/MacOSX10.11.sdk/System/Library/Frameworks/Python.framework/Versions/2.7/include/python2.7,
				);
				INFOPLIST_FILE = AudioTools/Info.plist;
				LD_RUNPATH_SEARCH_PATHS = "$(inherited) @executable_path/../Frameworks";
				LIBRARY_SEARCH_PATHS = /usr/local/lib/;
				OTHER_LDFLAGS = (
					/usr/local/lib/libaxAudio.a,
					/usr/local/lib/libaxMidi.a,
					/usr/local/lib/libportaudio.a,
					/usr/local/lib/libfreetype.a,
					/usr/local/lib/libsndfile.a,
					/usr/local/lib/libpng16.a,
					/usr/local/lib/libOpenAX.a,
				);
				OTHER_LIBTOOLFLAGS = "";
				PRODUCT_BUNDLE_IDENTIFIER = ax.AudioTools;
				PRODUCT_NAME = "$(TARGET_NAME)";
			};
			name = Debug;
		};
		7CF1D83D1C9207DE00AAAC01 /* Release */ = {
			isa = XCBuildConfiguration;
			buildSettings = {
				ASSETCATALOG_COMPILER_APPICON_NAME = AppIcon;
				COMBINE_HIDPI_IMAGES = YES;
				GCC_OPTIMIZATION_LEVEL = 2;
				HEADER_SEARCH_PATHS = (
					/usr/local/include/freetype2/,
					/usr/local/include/,
					/Applications/Xcode.app/Contents/Developer/Platforms/MacOSX.platform/Developer/SDKs/MacOSX10.11.sdk/System/Library/Frameworks/Python.framework/Versions/2.7/include/python2.7,
				);
				INFOPLIST_FILE = AudioTools/Info.plist;
				LD_RUNPATH_SEARCH_PATHS = "$(inherited) @executable_path/../Frameworks";
				LIBRARY_SEARCH_PATHS = /usr/local/lib/;
				OTHER_LDFLAGS = (
					/usr/local/lib/libaxAudio.a,
					/usr/local/lib/libaxMidi.a,
					/usr/local/lib/libportaudio.a,
					/usr/local/lib/libfreetype.a,
					/usr/local/lib/libsndfile.a,
					/usr/local/lib/libpng16.a,
					/usr/local/lib/libOpenAX.a,
				);
				OTHER_LIBTOOLFLAGS = "";
				PRODUCT_BUNDLE_IDENTIFIER = ax.AudioTools;
				PRODUCT_NAME = "$(TARGET_NAME)";
			};
			name = Release;
		};
/* End XCBuildConfiguration section */

/* Begin XCConfigurationList section */
		7CF1D8251C9207DD00AAAC01 /* Build configuration list for PBXProject "AudioTools" */ = {
			isa = XCConfigurationList;
			buildConfigurations = (
				7CF1D8391C9207DE00AAAC01 /* Debug */,
				7CF1D83A1C9207DE00AAAC01 /* Release */,
			);
			defaultConfigurationIsVisible = 0;
			defaultConfigurationName = Release;
		};
		7CF1D83B1C9207DE00AAAC01 /* Build configuration list for PBXNativeTarget "AudioTools" */ = {
			isa = XCConfigurationList;
			buildConfigurations = (
				7CF1D83C1C9207DE00AAAC01 /* Debug */,
				7CF1D83D1C9207DE00AAAC01 /* Release */,
			);
			defaultConfigurationIsVisible = 0;
			defaultConfigurationName = Release;
		};
/* End XCConfigurationList section */
	};
	rootObject = 7CF1D8221C9207DD00AAAC01 /* Project object */;
}
