// !$*UTF8*$!
{
	archiveVersion = 1;
	classes = {
	};
	objectVersion = 46;
	objects = {

/* Begin PBXBuildFile section */
		7C055FAD1C947DA8004527C3 /* atMenuAttribute.cpp in Sources */ = {isa = PBXBuildFile; fileRef = 7C055FAB1C947DA8004527C3 /* atMenuAttribute.cpp */; };
		7C2138D41C9B252C0050F676 /* atVolumeMeter.cpp in Sources */ = {isa = PBXBuildFile; fileRef = 7C2138D21C9B252C0050F676 /* atVolumeMeter.cpp */; };
		7CF1D8341C9207DE00AAAC01 /* Assets.xcassets in Resources */ = {isa = PBXBuildFile; fileRef = 7CF1D8331C9207DE00AAAC01 /* Assets.xcassets */; };
		7CF1D83F1C9207F400AAAC01 /* MainMenu.xib in Resources */ = {isa = PBXBuildFile; fileRef = 7CF1D83E1C9207F400AAAC01 /* MainMenu.xib */; };
		7CF1D84D1C9208A500AAAC01 /* Python.framework in Frameworks */ = {isa = PBXBuildFile; fileRef = 7CF1D8451C9208A500AAAC01 /* Python.framework */; };
		7CF1D84E1C9208A500AAAC01 /* CoreMIDI.framework in Frameworks */ = {isa = PBXBuildFile; fileRef = 7CF1D8461C9208A500AAAC01 /* CoreMIDI.framework */; };
		7CF1D84F1C9208A500AAAC01 /* CoreAudio.framework in Frameworks */ = {isa = PBXBuildFile; fileRef = 7CF1D8471C9208A500AAAC01 /* CoreAudio.framework */; };
		7CF1D8501C9208A500AAAC01 /* OpenGL.framework in Frameworks */ = {isa = PBXBuildFile; fileRef = 7CF1D8481C9208A500AAAC01 /* OpenGL.framework */; };
		7CF1D8511C9208A500AAAC01 /* Cocoa.framework in Frameworks */ = {isa = PBXBuildFile; fileRef = 7CF1D8491C9208A500AAAC01 /* Cocoa.framework */; };
		7CF1D8971C921DDF00AAAC01 /* axEditor.cpp in Sources */ = {isa = PBXBuildFile; fileRef = 7CF1D8821C921DDF00AAAC01 /* axEditor.cpp */; };
		7CF1D8981C921DDF00AAAC01 /* axEditorAttributes.cpp in Sources */ = {isa = PBXBuildFile; fileRef = 7CF1D8831C921DDF00AAAC01 /* axEditorAttributes.cpp */; };
		7CF1D8991C921DDF00AAAC01 /* axEditorGridWindow.cpp in Sources */ = {isa = PBXBuildFile; fileRef = 7CF1D8841C921DDF00AAAC01 /* axEditorGridWindow.cpp */; };
		7CF1D89A1C921DDF00AAAC01 /* axEditorInspectorMenu.cpp in Sources */ = {isa = PBXBuildFile; fileRef = 7CF1D8851C921DDF00AAAC01 /* axEditorInspectorMenu.cpp */; };
		7CF1D89B1C921DDF00AAAC01 /* axEditorLoader.cpp in Sources */ = {isa = PBXBuildFile; fileRef = 7CF1D8861C921DDF00AAAC01 /* axEditorLoader.cpp */; };
		7CF1D89C1C921DDF00AAAC01 /* axEditorMainWindow.cpp in Sources */ = {isa = PBXBuildFile; fileRef = 7CF1D8871C921DDF00AAAC01 /* axEditorMainWindow.cpp */; };
		7CF1D89D1C921DDF00AAAC01 /* axEditorSelector.cpp in Sources */ = {isa = PBXBuildFile; fileRef = 7CF1D8881C921DDF00AAAC01 /* axEditorSelector.cpp */; };
		7CF1D89E1C921DDF00AAAC01 /* axEditorStatusBar.cpp in Sources */ = {isa = PBXBuildFile; fileRef = 7CF1D8891C921DDF00AAAC01 /* axEditorStatusBar.cpp */; };
		7CF1D89F1C921DDF00AAAC01 /* axEditorWidgetMenu.cpp in Sources */ = {isa = PBXBuildFile; fileRef = 7CF1D88A1C921DDF00AAAC01 /* axEditorWidgetMenu.cpp */; };
		7CF1D8A01C921DDF00AAAC01 /* axEditorWidgetPanel.cpp in Sources */ = {isa = PBXBuildFile; fileRef = 7CF1D88B1C921DDF00AAAC01 /* axEditorWidgetPanel.cpp */; };
		7CF1D8A11C921DDF00AAAC01 /* CodeEditor.cpp in Sources */ = {isa = PBXBuildFile; fileRef = 7CF1D88C1C921DDF00AAAC01 /* CodeEditor.cpp */; };
		7CF1D8A21C921DDF00AAAC01 /* mdiControl.cpp in Sources */ = {isa = PBXBuildFile; fileRef = 7CF1D88D1C921DDF00AAAC01 /* mdiControl.cpp */; };
		7CF1D8A31C921DDF00AAAC01 /* mdiCtrlButton.cpp in Sources */ = {isa = PBXBuildFile; fileRef = 7CF1D88E1C921DDF00AAAC01 /* mdiCtrlButton.cpp */; };
		7CF1D8A41C921DDF00AAAC01 /* mdiCtrlKnob.cpp in Sources */ = {isa = PBXBuildFile; fileRef = 7CF1D88F1C921DDF00AAAC01 /* mdiCtrlKnob.cpp */; };
		7CF1D8A51C921DDF00AAAC01 /* mdiCtrlSlider.cpp in Sources */ = {isa = PBXBuildFile; fileRef = 7CF1D8901C921DDF00AAAC01 /* mdiCtrlSlider.cpp */; };
		7CF1D8A61C921DDF00AAAC01 /* mdiCtrlToggle.cpp in Sources */ = {isa = PBXBuildFile; fileRef = 7CF1D8911C921DDF00AAAC01 /* mdiCtrlToggle.cpp */; };
		7CF1D8A71C921DDF00AAAC01 /* mdiOpenDialog.cpp in Sources */ = {isa = PBXBuildFile; fileRef = 7CF1D8921C921DDF00AAAC01 /* mdiOpenDialog.cpp */; };
		7CF1D8A81C921DDF00AAAC01 /* mdiSaveDialog.cpp in Sources */ = {isa = PBXBuildFile; fileRef = 7CF1D8931C921DDF00AAAC01 /* mdiSaveDialog.cpp */; };
		7CF1D8A91C921DDF00AAAC01 /* mdiWidgetInfo.cpp in Sources */ = {isa = PBXBuildFile; fileRef = 7CF1D8941C921DDF00AAAC01 /* mdiWidgetInfo.cpp */; };
		7CF1D8AA1C921DDF00AAAC01 /* TextEditor.cpp in Sources */ = {isa = PBXBuildFile; fileRef = 7CF1D8951C921DDF00AAAC01 /* TextEditor.cpp */; };
		7CF1D8AB1C921DDF00AAAC01 /* TextEditorLogic.cpp in Sources */ = {isa = PBXBuildFile; fileRef = 7CF1D8961C921DDF00AAAC01 /* TextEditorLogic.cpp */; };
		7CF1D8B41C921DF800AAAC01 /* main.cpp in Sources */ = {isa = PBXBuildFile; fileRef = 7CF1D8AC1C921DF800AAAC01 /* main.cpp */; };
		7CF1D8B51C921DF800AAAC01 /* PyoAudio.cpp in Sources */ = {isa = PBXBuildFile; fileRef = 7CF1D8AD1C921DF800AAAC01 /* PyoAudio.cpp */; };
		7CF1D8B61C921DF800AAAC01 /* Pyo.cpp in Sources */ = {isa = PBXBuildFile; fileRef = 7CF1D8B01C921DF800AAAC01 /* Pyo.cpp */; };
		7CF1D8B71C921DF800AAAC01 /* PyoComponent.cpp in Sources */ = {isa = PBXBuildFile; fileRef = 7CF1D8B21C921DF800AAAC01 /* PyoComponent.cpp */; };
		7CF1D8CD1C92251600AAAC01 /* libportaudio.a in Frameworks */ = {isa = PBXBuildFile; fileRef = 7CF1D8CC1C92251600AAAC01 /* libportaudio.a */; };
		7CF1D8D11C92254F00AAAC01 /* libboost_container.a in Frameworks */ = {isa = PBXBuildFile; fileRef = 7CF1D8CE1C92254F00AAAC01 /* libboost_container.a */; };
		7CF1D8D21C92254F00AAAC01 /* libboost_filesystem.a in Frameworks */ = {isa = PBXBuildFile; fileRef = 7CF1D8CF1C92254F00AAAC01 /* libboost_filesystem.a */; };
		7CF1D8D31C92254F00AAAC01 /* libboost_system.a in Frameworks */ = {isa = PBXBuildFile; fileRef = 7CF1D8D01C92254F00AAAC01 /* libboost_system.a */; };
		7CF1D8D51C9225A700AAAC01 /* libfreetype.a in Frameworks */ = {isa = PBXBuildFile; fileRef = 7CF1D8D41C9225A700AAAC01 /* libfreetype.a */; };
		7CF1D8D71C9225BF00AAAC01 /* libpng16.a in Frameworks */ = {isa = PBXBuildFile; fileRef = 7CF1D8D61C9225BF00AAAC01 /* libpng16.a */; };
		7CF1D8D91C9225D300AAAC01 /* libsndfile.a in Frameworks */ = {isa = PBXBuildFile; fileRef = 7CF1D8D81C9225D300AAAC01 /* libsndfile.a */; };
/* End PBXBuildFile section */

/* Begin PBXFileReference section */
		7C055FAB1C947DA8004527C3 /* atMenuAttribute.cpp */ = {isa = PBXFileReference; fileEncoding = 4; lastKnownFileType = sourcecode.cpp.cpp; path = atMenuAttribute.cpp; sourceTree = "<group>"; };
		7C055FAC1C947DA8004527C3 /* atMenuAttribute.h */ = {isa = PBXFileReference; fileEncoding = 4; lastKnownFileType = sourcecode.c.h; path = atMenuAttribute.h; sourceTree = "<group>"; };
		7C2138D21C9B252C0050F676 /* atVolumeMeter.cpp */ = {isa = PBXFileReference; fileEncoding = 4; lastKnownFileType = sourcecode.cpp.cpp; path = atVolumeMeter.cpp; sourceTree = "<group>"; };
		7C2138D31C9B252C0050F676 /* atVolumeMeter.hpp */ = {isa = PBXFileReference; fileEncoding = 4; lastKnownFileType = sourcecode.cpp.h; path = atVolumeMeter.hpp; sourceTree = "<group>"; };
		7CF1D82A1C9207DD00AAAC01 /* AudioTools.app */ = {isa = PBXFileReference; explicitFileType = wrapper.application; includeInIndex = 0; path = AudioTools.app; sourceTree = BUILT_PRODUCTS_DIR; };
		7CF1D8331C9207DE00AAAC01 /* Assets.xcassets */ = {isa = PBXFileReference; lastKnownFileType = folder.assetcatalog; path = Assets.xcassets; sourceTree = "<group>"; };
		7CF1D8381C9207DE00AAAC01 /* Info.plist */ = {isa = PBXFileReference; lastKnownFileType = text.plist.xml; path = Info.plist; sourceTree = "<group>"; };
		7CF1D83E1C9207F400AAAC01 /* MainMenu.xib */ = {isa = PBXFileReference; fileEncoding = 4; lastKnownFileType = file.xib; name = MainMenu.xib; path = ../MainMenu.xib; sourceTree = "<group>"; };
		7CF1D8451C9208A500AAAC01 /* Python.framework */ = {isa = PBXFileReference; lastKnownFileType = wrapper.framework; name = Python.framework; path = /Applications/Xcode.app/Contents/Developer/Platforms/MacOSX.platform/Developer/SDKs/MacOSX10.11.sdk/System/Library/Frameworks/Python.framework; sourceTree = "<absolute>"; };
		7CF1D8461C9208A500AAAC01 /* CoreMIDI.framework */ = {isa = PBXFileReference; lastKnownFileType = wrapper.framework; name = CoreMIDI.framework; path = /Applications/Xcode.app/Contents/Developer/Platforms/MacOSX.platform/Developer/SDKs/MacOSX10.11.sdk/System/Library/Frameworks/CoreMIDI.framework; sourceTree = "<absolute>"; };
		7CF1D8471C9208A500AAAC01 /* CoreAudio.framework */ = {isa = PBXFileReference; lastKnownFileType = wrapper.framework; name = CoreAudio.framework; path = /Applications/Xcode.app/Contents/Developer/Platforms/MacOSX.platform/Developer/SDKs/MacOSX10.11.sdk/System/Library/Frameworks/CoreAudio.framework; sourceTree = "<absolute>"; };
		7CF1D8481C9208A500AAAC01 /* OpenGL.framework */ = {isa = PBXFileReference; lastKnownFileType = wrapper.framework; name = OpenGL.framework; path = /Applications/Xcode.app/Contents/Developer/Platforms/MacOSX.platform/Developer/SDKs/MacOSX10.11.sdk/System/Library/Frameworks/OpenGL.framework; sourceTree = "<absolute>"; };
		7CF1D8491C9208A500AAAC01 /* Cocoa.framework */ = {isa = PBXFileReference; lastKnownFileType = wrapper.framework; name = Cocoa.framework; path = /Applications/Xcode.app/Contents/Developer/Platforms/MacOSX.platform/Developer/SDKs/MacOSX10.11.sdk/System/Library/Frameworks/Cocoa.framework; sourceTree = "<absolute>"; };
		7CF1D8701C921DCC00AAAC01 /* axEditor.h */ = {isa = PBXFileReference; lastKnownFileType = sourcecode.c.h; path = axEditor.h; sourceTree = "<group>"; };
		7CF1D8711C921DCC00AAAC01 /* axEditorGridWindow.h */ = {isa = PBXFileReference; lastKnownFileType = sourcecode.c.h; path = axEditorGridWindow.h; sourceTree = "<group>"; };
		7CF1D8721C921DCC00AAAC01 /* axEditorInspectorMenu.h */ = {isa = PBXFileReference; lastKnownFileType = sourcecode.c.h; path = axEditorInspectorMenu.h; sourceTree = "<group>"; };
		7CF1D8731C921DCC00AAAC01 /* axEditorLoader.h */ = {isa = PBXFileReference; lastKnownFileType = sourcecode.c.h; path = axEditorLoader.h; sourceTree = "<group>"; };
		7CF1D8741C921DCC00AAAC01 /* axEditorMainWindow.h */ = {isa = PBXFileReference; lastKnownFileType = sourcecode.c.h; path = axEditorMainWindow.h; sourceTree = "<group>"; };
		7CF1D8751C921DCC00AAAC01 /* axEditorStatusBar.h */ = {isa = PBXFileReference; lastKnownFileType = sourcecode.c.h; path = axEditorStatusBar.h; sourceTree = "<group>"; };
		7CF1D8761C921DCC00AAAC01 /* axEditorWidgetMenu.h */ = {isa = PBXFileReference; lastKnownFileType = sourcecode.c.h; path = axEditorWidgetMenu.h; sourceTree = "<group>"; };
		7CF1D8771C921DCC00AAAC01 /* CodeEditor.h */ = {isa = PBXFileReference; lastKnownFileType = sourcecode.c.h; path = CodeEditor.h; sourceTree = "<group>"; };
		7CF1D8781C921DCC00AAAC01 /* mdiControl.hpp */ = {isa = PBXFileReference; lastKnownFileType = sourcecode.cpp.h; path = mdiControl.hpp; sourceTree = "<group>"; };
		7CF1D8791C921DCC00AAAC01 /* mdiCtrlButton.hpp */ = {isa = PBXFileReference; lastKnownFileType = sourcecode.cpp.h; path = mdiCtrlButton.hpp; sourceTree = "<group>"; };
		7CF1D87A1C921DCC00AAAC01 /* mdiCtrlKnob.hpp */ = {isa = PBXFileReference; lastKnownFileType = sourcecode.cpp.h; path = mdiCtrlKnob.hpp; sourceTree = "<group>"; };
		7CF1D87B1C921DCC00AAAC01 /* mdiCtrlSlider.hpp */ = {isa = PBXFileReference; lastKnownFileType = sourcecode.cpp.h; path = mdiCtrlSlider.hpp; sourceTree = "<group>"; };
		7CF1D87C1C921DCC00AAAC01 /* mdiCtrlToggle.hpp */ = {isa = PBXFileReference; lastKnownFileType = sourcecode.cpp.h; path = mdiCtrlToggle.hpp; sourceTree = "<group>"; };
		7CF1D87D1C921DCC00AAAC01 /* mdiOpenDialog.hpp */ = {isa = PBXFileReference; lastKnownFileType = sourcecode.cpp.h; path = mdiOpenDialog.hpp; sourceTree = "<group>"; };
		7CF1D87E1C921DCC00AAAC01 /* mdiSaveDialog.hpp */ = {isa = PBXFileReference; lastKnownFileType = sourcecode.cpp.h; path = mdiSaveDialog.hpp; sourceTree = "<group>"; };
		7CF1D87F1C921DCC00AAAC01 /* mdiWidgetInfo.hpp */ = {isa = PBXFileReference; lastKnownFileType = sourcecode.cpp.h; path = mdiWidgetInfo.hpp; sourceTree = "<group>"; };
		7CF1D8801C921DCC00AAAC01 /* TextEditor.h */ = {isa = PBXFileReference; lastKnownFileType = sourcecode.c.h; path = TextEditor.h; sourceTree = "<group>"; };
		7CF1D8811C921DCC00AAAC01 /* TextEditorLogic.h */ = {isa = PBXFileReference; lastKnownFileType = sourcecode.c.h; path = TextEditorLogic.h; sourceTree = "<group>"; };
		7CF1D8821C921DDF00AAAC01 /* axEditor.cpp */ = {isa = PBXFileReference; fileEncoding = 4; lastKnownFileType = sourcecode.cpp.cpp; path = axEditor.cpp; sourceTree = "<group>"; };
		7CF1D8831C921DDF00AAAC01 /* axEditorAttributes.cpp */ = {isa = PBXFileReference; fileEncoding = 4; lastKnownFileType = sourcecode.cpp.cpp; path = axEditorAttributes.cpp; sourceTree = "<group>"; };
		7CF1D8841C921DDF00AAAC01 /* axEditorGridWindow.cpp */ = {isa = PBXFileReference; fileEncoding = 4; lastKnownFileType = sourcecode.cpp.cpp; path = axEditorGridWindow.cpp; sourceTree = "<group>"; };
		7CF1D8851C921DDF00AAAC01 /* axEditorInspectorMenu.cpp */ = {isa = PBXFileReference; fileEncoding = 4; lastKnownFileType = sourcecode.cpp.cpp; path = axEditorInspectorMenu.cpp; sourceTree = "<group>"; };
		7CF1D8861C921DDF00AAAC01 /* axEditorLoader.cpp */ = {isa = PBXFileReference; fileEncoding = 4; lastKnownFileType = sourcecode.cpp.cpp; path = axEditorLoader.cpp; sourceTree = "<group>"; };
		7CF1D8871C921DDF00AAAC01 /* axEditorMainWindow.cpp */ = {isa = PBXFileReference; fileEncoding = 4; lastKnownFileType = sourcecode.cpp.cpp; path = axEditorMainWindow.cpp; sourceTree = "<group>"; };
		7CF1D8881C921DDF00AAAC01 /* axEditorSelector.cpp */ = {isa = PBXFileReference; fileEncoding = 4; lastKnownFileType = sourcecode.cpp.cpp; path = axEditorSelector.cpp; sourceTree = "<group>"; };
		7CF1D8891C921DDF00AAAC01 /* axEditorStatusBar.cpp */ = {isa = PBXFileReference; fileEncoding = 4; lastKnownFileType = sourcecode.cpp.cpp; path = axEditorStatusBar.cpp; sourceTree = "<group>"; };
		7CF1D88A1C921DDF00AAAC01 /* axEditorWidgetMenu.cpp */ = {isa = PBXFileReference; fileEncoding = 4; lastKnownFileType = sourcecode.cpp.cpp; path = axEditorWidgetMenu.cpp; sourceTree = "<group>"; };
		7CF1D88B1C921DDF00AAAC01 /* axEditorWidgetPanel.cpp */ = {isa = PBXFileReference; fileEncoding = 4; lastKnownFileType = sourcecode.cpp.cpp; path = axEditorWidgetPanel.cpp; sourceTree = "<group>"; };
		7CF1D88C1C921DDF00AAAC01 /* CodeEditor.cpp */ = {isa = PBXFileReference; fileEncoding = 4; lastKnownFileType = sourcecode.cpp.cpp; path = CodeEditor.cpp; sourceTree = "<group>"; };
		7CF1D88D1C921DDF00AAAC01 /* mdiControl.cpp */ = {isa = PBXFileReference; fileEncoding = 4; lastKnownFileType = sourcecode.cpp.cpp; path = mdiControl.cpp; sourceTree = "<group>"; };
		7CF1D88E1C921DDF00AAAC01 /* mdiCtrlButton.cpp */ = {isa = PBXFileReference; fileEncoding = 4; lastKnownFileType = sourcecode.cpp.cpp; path = mdiCtrlButton.cpp; sourceTree = "<group>"; };
		7CF1D88F1C921DDF00AAAC01 /* mdiCtrlKnob.cpp */ = {isa = PBXFileReference; fileEncoding = 4; lastKnownFileType = sourcecode.cpp.cpp; path = mdiCtrlKnob.cpp; sourceTree = "<group>"; };
		7CF1D8901C921DDF00AAAC01 /* mdiCtrlSlider.cpp */ = {isa = PBXFileReference; fileEncoding = 4; lastKnownFileType = sourcecode.cpp.cpp; path = mdiCtrlSlider.cpp; sourceTree = "<group>"; };
		7CF1D8911C921DDF00AAAC01 /* mdiCtrlToggle.cpp */ = {isa = PBXFileReference; fileEncoding = 4; lastKnownFileType = sourcecode.cpp.cpp; path = mdiCtrlToggle.cpp; sourceTree = "<group>"; };
		7CF1D8921C921DDF00AAAC01 /* mdiOpenDialog.cpp */ = {isa = PBXFileReference; fileEncoding = 4; lastKnownFileType = sourcecode.cpp.cpp; path = mdiOpenDialog.cpp; sourceTree = "<group>"; };
		7CF1D8931C921DDF00AAAC01 /* mdiSaveDialog.cpp */ = {isa = PBXFileReference; fileEncoding = 4; lastKnownFileType = sourcecode.cpp.cpp; path = mdiSaveDialog.cpp; sourceTree = "<group>"; };
		7CF1D8941C921DDF00AAAC01 /* mdiWidgetInfo.cpp */ = {isa = PBXFileReference; fileEncoding = 4; lastKnownFileType = sourcecode.cpp.cpp; path = mdiWidgetInfo.cpp; sourceTree = "<group>"; };
		7CF1D8951C921DDF00AAAC01 /* TextEditor.cpp */ = {isa = PBXFileReference; fileEncoding = 4; lastKnownFileType = sourcecode.cpp.cpp; path = TextEditor.cpp; sourceTree = "<group>"; };
		7CF1D8961C921DDF00AAAC01 /* TextEditorLogic.cpp */ = {isa = PBXFileReference; fileEncoding = 4; lastKnownFileType = sourcecode.cpp.cpp; path = TextEditorLogic.cpp; sourceTree = "<group>"; };
		7CF1D8AC1C921DF800AAAC01 /* main.cpp */ = {isa = PBXFileReference; fileEncoding = 4; lastKnownFileType = sourcecode.cpp.cpp; path = main.cpp; sourceTree = "<group>"; };
		7CF1D8AD1C921DF800AAAC01 /* PyoAudio.cpp */ = {isa = PBXFileReference; fileEncoding = 4; lastKnownFileType = sourcecode.cpp.cpp; path = PyoAudio.cpp; sourceTree = "<group>"; };
		7CF1D8AE1C921DF800AAAC01 /* PyoAudio.h */ = {isa = PBXFileReference; fileEncoding = 4; lastKnownFileType = sourcecode.c.h; path = PyoAudio.h; sourceTree = "<group>"; };
		7CF1D8AF1C921DF800AAAC01 /* m_pyo.h */ = {isa = PBXFileReference; fileEncoding = 4; lastKnownFileType = sourcecode.c.h; path = m_pyo.h; sourceTree = "<group>"; };
		7CF1D8B01C921DF800AAAC01 /* Pyo.cpp */ = {isa = PBXFileReference; fileEncoding = 4; lastKnownFileType = sourcecode.cpp.cpp; path = Pyo.cpp; sourceTree = "<group>"; };
		7CF1D8B11C921DF800AAAC01 /* Pyo.h */ = {isa = PBXFileReference; fileEncoding = 4; lastKnownFileType = sourcecode.c.h; path = Pyo.h; sourceTree = "<group>"; };
		7CF1D8B21C921DF800AAAC01 /* PyoComponent.cpp */ = {isa = PBXFileReference; fileEncoding = 4; lastKnownFileType = sourcecode.cpp.cpp; path = PyoComponent.cpp; sourceTree = "<group>"; };
		7CF1D8B31C921DF800AAAC01 /* PyoComponent.h */ = {isa = PBXFileReference; fileEncoding = 4; lastKnownFileType = sourcecode.c.h; path = PyoComponent.h; sourceTree = "<group>"; };
		7CF1D8CC1C92251600AAAC01 /* libportaudio.a */ = {isa = PBXFileReference; lastKnownFileType = archive.ar; name = libportaudio.a; path = ../../../../usr/local/lib/libportaudio.a; sourceTree = "<group>"; };
		7CF1D8CE1C92254F00AAAC01 /* libboost_container.a */ = {isa = PBXFileReference; lastKnownFileType = archive.ar; name = libboost_container.a; path = ../../../../usr/local/lib/libboost_container.a; sourceTree = "<group>"; };
		7CF1D8CF1C92254F00AAAC01 /* libboost_filesystem.a */ = {isa = PBXFileReference; lastKnownFileType = archive.ar; name = libboost_filesystem.a; path = ../../../../usr/local/lib/libboost_filesystem.a; sourceTree = "<group>"; };
		7CF1D8D01C92254F00AAAC01 /* libboost_system.a */ = {isa = PBXFileReference; lastKnownFileType = archive.ar; name = libboost_system.a; path = ../../../../usr/local/lib/libboost_system.a; sourceTree = "<group>"; };
		7CF1D8D41C9225A700AAAC01 /* libfreetype.a */ = {isa = PBXFileReference; lastKnownFileType = archive.ar; name = libfreetype.a; path = ../../../../usr/local/lib/libfreetype.a; sourceTree = "<group>"; };
		7CF1D8D61C9225BF00AAAC01 /* libpng16.a */ = {isa = PBXFileReference; lastKnownFileType = archive.ar; name = libpng16.a; path = ../../../../usr/local/lib/libpng16.a; sourceTree = "<group>"; };
		7CF1D8D81C9225D300AAAC01 /* libsndfile.a */ = {isa = PBXFileReference; lastKnownFileType = archive.ar; name = libsndfile.a; path = ../../../../usr/local/lib/libsndfile.a; sourceTree = "<group>"; };
		7CF1D9D01C944C8500AAAC01 /* atCommon.h */ = {isa = PBXFileReference; lastKnownFileType = sourcecode.c.h; path = atCommon.h; sourceTree = "<group>"; };
/* End PBXFileReference section */

/* Begin PBXFrameworksBuildPhase section */
		7CF1D8271C9207DD00AAAC01 /* Frameworks */ = {
			isa = PBXFrameworksBuildPhase;
			buildActionMask = 2147483647;
			files = (
				7CF1D8511C9208A500AAAC01 /* Cocoa.framework in Frameworks */,
				7CF1D8D31C92254F00AAAC01 /* libboost_system.a in Frameworks */,
				7CF1D84F1C9208A500AAAC01 /* CoreAudio.framework in Frameworks */,
				7CF1D8D11C92254F00AAAC01 /* libboost_container.a in Frameworks */,
				7CF1D8D51C9225A700AAAC01 /* libfreetype.a in Frameworks */,
				7CF1D8501C9208A500AAAC01 /* OpenGL.framework in Frameworks */,
				7CF1D84D1C9208A500AAAC01 /* Python.framework in Frameworks */,
				7CF1D8CD1C92251600AAAC01 /* libportaudio.a in Frameworks */,
				7CF1D8D21C92254F00AAAC01 /* libboost_filesystem.a in Frameworks */,
				7CF1D8D91C9225D300AAAC01 /* libsndfile.a in Frameworks */,
				7CF1D84E1C9208A500AAAC01 /* CoreMIDI.framework in Frameworks */,
				7CF1D8D71C9225BF00AAAC01 /* libpng16.a in Frameworks */,
			);
			runOnlyForDeploymentPostprocessing = 0;
		};
/* End PBXFrameworksBuildPhase section */

/* Begin PBXGroup section */
		7C055FAA1C947D78004527C3 /* InspectorMenu */ = {
			isa = PBXGroup;
			children = (
				7CF1D8721C921DCC00AAAC01 /* axEditorInspectorMenu.h */,
				7CF1D8851C921DDF00AAAC01 /* axEditorInspectorMenu.cpp */,
				7C055FAB1C947DA8004527C3 /* atMenuAttribute.cpp */,
				7C055FAC1C947DA8004527C3 /* atMenuAttribute.h */,
			);
			name = InspectorMenu;
			sourceTree = "<group>";
		};
		7CF1D8211C9207DD00AAAC01 = {
			isa = PBXGroup;
			children = (
				7CF1D8CC1C92251600AAAC01 /* libportaudio.a */,
				7CF1D8CE1C92254F00AAAC01 /* libboost_container.a */,
				7CF1D8CF1C92254F00AAAC01 /* libboost_filesystem.a */,
				7CF1D8D01C92254F00AAAC01 /* libboost_system.a */,
				7CF1D8D41C9225A700AAAC01 /* libfreetype.a */,
				7CF1D8D61C9225BF00AAAC01 /* libpng16.a */,
				7CF1D8D81C9225D300AAAC01 /* libsndfile.a */,
				7CF1D8451C9208A500AAAC01 /* Python.framework */,
				7CF1D8461C9208A500AAAC01 /* CoreMIDI.framework */,
				7CF1D8471C9208A500AAAC01 /* CoreAudio.framework */,
				7CF1D8481C9208A500AAAC01 /* OpenGL.framework */,
				7CF1D8491C9208A500AAAC01 /* Cocoa.framework */,
				7CF1D82C1C9207DD00AAAC01 /* AudioTools */,
				7CF1D82B1C9207DD00AAAC01 /* Products */,
			);
			sourceTree = "<group>";
		};
		7CF1D82B1C9207DD00AAAC01 /* Products */ = {
			isa = PBXGroup;
			children = (
				7CF1D82A1C9207DD00AAAC01 /* AudioTools.app */,
			);
			name = Products;
			sourceTree = "<group>";
		};
		7CF1D82C1C9207DD00AAAC01 /* AudioTools */ = {
			isa = PBXGroup;
			children = (
				7C055FAA1C947D78004527C3 /* InspectorMenu */,
				7CF1D9CF1C938FC400AAAC01 /* pyo */,
				7CF1D9CE1C938C5700AAAC01 /* old */,
				7CF1D8DB1C93801B00AAAC01 /* CodeEditor */,
				7CF1D8AC1C921DF800AAAC01 /* main.cpp */,
				7CF1D9D01C944C8500AAAC01 /* atCommon.h */,
				7CF1D86E1C921DBB00AAAC01 /* include */,
				7CF1D86F1C921DC100AAAC01 /* source */,
				7CF1D83E1C9207F400AAAC01 /* MainMenu.xib */,
				7CF1D8331C9207DE00AAAC01 /* Assets.xcassets */,
				7CF1D8381C9207DE00AAAC01 /* Info.plist */,
			);
			path = AudioTools;
			sourceTree = "<group>";
		};
		7CF1D86E1C921DBB00AAAC01 /* include */ = {
			isa = PBXGroup;
			children = (
				7CF1D8701C921DCC00AAAC01 /* axEditor.h */,
				7CF1D8711C921DCC00AAAC01 /* axEditorGridWindow.h */,
				7CF1D8731C921DCC00AAAC01 /* axEditorLoader.h */,
				7CF1D8741C921DCC00AAAC01 /* axEditorMainWindow.h */,
				7CF1D8751C921DCC00AAAC01 /* axEditorStatusBar.h */,
				7CF1D8761C921DCC00AAAC01 /* axEditorWidgetMenu.h */,
				7CF1D87D1C921DCC00AAAC01 /* mdiOpenDialog.hpp */,
				7CF1D87E1C921DCC00AAAC01 /* mdiSaveDialog.hpp */,
				7CF1D87F1C921DCC00AAAC01 /* mdiWidgetInfo.hpp */,
				7C2138D31C9B252C0050F676 /* atVolumeMeter.hpp */,
			);
			name = include;
			sourceTree = "<group>";
		};
		7CF1D86F1C921DC100AAAC01 /* source */ = {
			isa = PBXGroup;
			children = (
				7C2138D21C9B252C0050F676 /* atVolumeMeter.cpp */,
				7CF1D8821C921DDF00AAAC01 /* axEditor.cpp */,
				7CF1D8831C921DDF00AAAC01 /* axEditorAttributes.cpp */,
				7CF1D8841C921DDF00AAAC01 /* axEditorGridWindow.cpp */,
				7CF1D8861C921DDF00AAAC01 /* axEditorLoader.cpp */,
				7CF1D8871C921DDF00AAAC01 /* axEditorMainWindow.cpp */,
				7CF1D8881C921DDF00AAAC01 /* axEditorSelector.cpp */,
				7CF1D8891C921DDF00AAAC01 /* axEditorStatusBar.cpp */,
				7CF1D88A1C921DDF00AAAC01 /* axEditorWidgetMenu.cpp */,
				7CF1D88B1C921DDF00AAAC01 /* axEditorWidgetPanel.cpp */,
				7CF1D8921C921DDF00AAAC01 /* mdiOpenDialog.cpp */,
				7CF1D8931C921DDF00AAAC01 /* mdiSaveDialog.cpp */,
				7CF1D8941C921DDF00AAAC01 /* mdiWidgetInfo.cpp */,
			);
			name = source;
			sourceTree = "<group>";
		};
		7CF1D8DB1C93801B00AAAC01 /* CodeEditor */ = {
			isa = PBXGroup;
			children = (
				7CF1D88C1C921DDF00AAAC01 /* CodeEditor.cpp */,
				7CF1D8771C921DCC00AAAC01 /* CodeEditor.h */,
				7CF1D8951C921DDF00AAAC01 /* TextEditor.cpp */,
				7CF1D8801C921DCC00AAAC01 /* TextEditor.h */,
				7CF1D8961C921DDF00AAAC01 /* TextEditorLogic.cpp */,
				7CF1D8811C921DCC00AAAC01 /* TextEditorLogic.h */,
			);
			name = CodeEditor;
			sourceTree = "<group>";
		};
		7CF1D9CE1C938C5700AAAC01 /* old */ = {
			isa = PBXGroup;
			children = (
				7CF1D88D1C921DDF00AAAC01 /* mdiControl.cpp */,
				7CF1D88E1C921DDF00AAAC01 /* mdiCtrlButton.cpp */,
				7CF1D88F1C921DDF00AAAC01 /* mdiCtrlKnob.cpp */,
				7CF1D8901C921DDF00AAAC01 /* mdiCtrlSlider.cpp */,
				7CF1D8911C921DDF00AAAC01 /* mdiCtrlToggle.cpp */,
				7CF1D8781C921DCC00AAAC01 /* mdiControl.hpp */,
				7CF1D8791C921DCC00AAAC01 /* mdiCtrlButton.hpp */,
				7CF1D87A1C921DCC00AAAC01 /* mdiCtrlKnob.hpp */,
				7CF1D87B1C921DCC00AAAC01 /* mdiCtrlSlider.hpp */,
				7CF1D87C1C921DCC00AAAC01 /* mdiCtrlToggle.hpp */,
			);
			name = old;
			sourceTree = "<group>";
		};
		7CF1D9CF1C938FC400AAAC01 /* pyo */ = {
			isa = PBXGroup;
			children = (
				7CF1D8AD1C921DF800AAAC01 /* PyoAudio.cpp */,
				7CF1D8AE1C921DF800AAAC01 /* PyoAudio.h */,
				7CF1D8AF1C921DF800AAAC01 /* m_pyo.h */,
				7CF1D8B01C921DF800AAAC01 /* Pyo.cpp */,
				7CF1D8B11C921DF800AAAC01 /* Pyo.h */,
				7CF1D8B21C921DF800AAAC01 /* PyoComponent.cpp */,
				7CF1D8B31C921DF800AAAC01 /* PyoComponent.h */,
			);
			name = pyo;
			sourceTree = "<group>";
		};
/* End PBXGroup section */

/* Begin PBXNativeTarget section */
		7CF1D8291C9207DD00AAAC01 /* AudioTools */ = {
			isa = PBXNativeTarget;
			buildConfigurationList = 7CF1D83B1C9207DE00AAAC01 /* Build configuration list for PBXNativeTarget "AudioTools" */;
			buildPhases = (
				7CF1D8261C9207DD00AAAC01 /* Sources */,
				7CF1D8271C9207DD00AAAC01 /* Frameworks */,
				7CF1D8281C9207DD00AAAC01 /* Resources */,
			);
			buildRules = (
			);
			dependencies = (
			);
			name = AudioTools;
			productName = AudioTools;
			productReference = 7CF1D82A1C9207DD00AAAC01 /* AudioTools.app */;
			productType = "com.apple.product-type.application";
		};
/* End PBXNativeTarget section */

/* Begin PBXProject section */
		7CF1D8221C9207DD00AAAC01 /* Project object */ = {
			isa = PBXProject;
			attributes = {
				LastUpgradeCheck = 0720;
				ORGANIZATIONNAME = "Alexandre Arsenault";
				TargetAttributes = {
					7CF1D8291C9207DD00AAAC01 = {
						CreatedOnToolsVersion = 7.2.1;
					};
				};
			};
			buildConfigurationList = 7CF1D8251C9207DD00AAAC01 /* Build configuration list for PBXProject "AudioTools" */;
			compatibilityVersion = "Xcode 3.2";
			developmentRegion = English;
			hasScannedForEncodings = 0;
			knownRegions = (
				en,
				Base,
			);
			mainGroup = 7CF1D8211C9207DD00AAAC01;
			productRefGroup = 7CF1D82B1C9207DD00AAAC01 /* Products */;
			projectDirPath = "";
			projectRoot = "";
			targets = (
				7CF1D8291C9207DD00AAAC01 /* AudioTools */,
			);
		};
/* End PBXProject section */

/* Begin PBXResourcesBuildPhase section */
		7CF1D8281C9207DD00AAAC01 /* Resources */ = {
			isa = PBXResourcesBuildPhase;
			buildActionMask = 2147483647;
			files = (
				7CF1D8341C9207DE00AAAC01 /* Assets.xcassets in Resources */,
				7CF1D83F1C9207F400AAAC01 /* MainMenu.xib in Resources */,
			);
			runOnlyForDeploymentPostprocessing = 0;
		};
/* End PBXResourcesBuildPhase section */

/* Begin PBXSourcesBuildPhase section */
		7CF1D8261C9207DD00AAAC01 /* Sources */ = {
			isa = PBXSourcesBuildPhase;
			buildActionMask = 2147483647;
			files = (
				7CF1D8B61C921DF800AAAC01 /* Pyo.cpp in Sources */,
				7C055FAD1C947DA8004527C3 /* atMenuAttribute.cpp in Sources */,
				7CF1D8A01C921DDF00AAAC01 /* axEditorWidgetPanel.cpp in Sources */,
				7CF1D8991C921DDF00AAAC01 /* axEditorGridWindow.cpp in Sources */,
				7CF1D8A21C921DDF00AAAC01 /* mdiControl.cpp in Sources */,
				7CF1D8AB1C921DDF00AAAC01 /* TextEditorLogic.cpp in Sources */,
				7CF1D8B41C921DF800AAAC01 /* main.cpp in Sources */,
				7CF1D8A61C921DDF00AAAC01 /* mdiCtrlToggle.cpp in Sources */,
				7CF1D8A91C921DDF00AAAC01 /* mdiWidgetInfo.cpp in Sources */,
				7CF1D8A11C921DDF00AAAC01 /* CodeEditor.cpp in Sources */,
				7C2138D41C9B252C0050F676 /* atVolumeMeter.cpp in Sources */,
				7CF1D8981C921DDF00AAAC01 /* axEditorAttributes.cpp in Sources */,
				7CF1D89D1C921DDF00AAAC01 /* axEditorSelector.cpp in Sources */,
				7CF1D89C1C921DDF00AAAC01 /* axEditorMainWindow.cpp in Sources */,
				7CF1D8A31C921DDF00AAAC01 /* mdiCtrlButton.cpp in Sources */,
				7CF1D8A71C921DDF00AAAC01 /* mdiOpenDialog.cpp in Sources */,
				7CF1D8B71C921DF800AAAC01 /* PyoComponent.cpp in Sources */,
				7CF1D89B1C921DDF00AAAC01 /* axEditorLoader.cpp in Sources */,
				7CF1D8A81C921DDF00AAAC01 /* mdiSaveDialog.cpp in Sources */,
				7CF1D8A41C921DDF00AAAC01 /* mdiCtrlKnob.cpp in Sources */,
				7CF1D89A1C921DDF00AAAC01 /* axEditorInspectorMenu.cpp in Sources */,
				7CF1D8B51C921DF800AAAC01 /* PyoAudio.cpp in Sources */,
				7CF1D8971C921DDF00AAAC01 /* axEditor.cpp in Sources */,
				7CF1D89F1C921DDF00AAAC01 /* axEditorWidgetMenu.cpp in Sources */,
				7CF1D89E1C921DDF00AAAC01 /* axEditorStatusBar.cpp in Sources */,
				7CF1D8A51C921DDF00AAAC01 /* mdiCtrlSlider.cpp in Sources */,
				7CF1D8AA1C921DDF00AAAC01 /* TextEditor.cpp in Sources */,
			);
			runOnlyForDeploymentPostprocessing = 0;
		};
/* End PBXSourcesBuildPhase section */

/* Begin XCBuildConfiguration section */
		7CF1D8391C9207DE00AAAC01 /* Debug */ = {
			isa = XCBuildConfiguration;
			buildSettings = {
				ALWAYS_SEARCH_USER_PATHS = NO;
				CLANG_CXX_LANGUAGE_STANDARD = "gnu++0x";
				CLANG_CXX_LIBRARY = "libc++";
				CLANG_ENABLE_MODULES = YES;
				CLANG_ENABLE_OBJC_ARC = YES;
				CLANG_WARN_BOOL_CONVERSION = YES;
				CLANG_WARN_CONSTANT_CONVERSION = YES;
				CLANG_WARN_DIRECT_OBJC_ISA_USAGE = YES_ERROR;
				CLANG_WARN_EMPTY_BODY = YES;
				CLANG_WARN_ENUM_CONVERSION = YES;
				CLANG_WARN_INT_CONVERSION = YES;
				CLANG_WARN_OBJC_ROOT_CLASS = YES_ERROR;
				CLANG_WARN_UNREACHABLE_CODE = YES;
				CLANG_WARN__DUPLICATE_METHOD_MATCH = YES;
				CODE_SIGN_IDENTITY = "-";
				COPY_PHASE_STRIP = NO;
				DEBUG_INFORMATION_FORMAT = dwarf;
				ENABLE_STRICT_OBJC_MSGSEND = YES;
				ENABLE_TESTABILITY = YES;
				GCC_C_LANGUAGE_STANDARD = gnu99;
				GCC_DYNAMIC_NO_PIC = NO;
				GCC_NO_COMMON_BLOCKS = YES;
				GCC_OPTIMIZATION_LEVEL = 0;
				GCC_PREPROCESSOR_DEFINITIONS = (
					"DEBUG=1",
					"$(inherited)",
				);
				GCC_WARN_64_TO_32_BIT_CONVERSION = YES;
				GCC_WARN_ABOUT_RETURN_TYPE = YES_ERROR;
				GCC_WARN_UNDECLARED_SELECTOR = YES;
				GCC_WARN_UNINITIALIZED_AUTOS = YES_AGGRESSIVE;
				GCC_WARN_UNUSED_FUNCTION = YES;
				GCC_WARN_UNUSED_VARIABLE = YES;
				HEADER_SEARCH_PATHS = (
					/System/Library/Frameworks/Python.framework/Headers/,
					/usr/local/include/freetype2/,
					/usr/local/include/,
				);
				MACOSX_DEPLOYMENT_TARGET = 10.11;
				MTL_ENABLE_DEBUG_INFO = YES;
				ONLY_ACTIVE_ARCH = YES;
				OTHER_LDFLAGS = "";
				SDKROOT = macosx;
			};
			name = Debug;
		};
		7CF1D83A1C9207DE00AAAC01 /* Release */ = {
			isa = XCBuildConfiguration;
			buildSettings = {
				ALWAYS_SEARCH_USER_PATHS = NO;
				CLANG_CXX_LANGUAGE_STANDARD = "gnu++0x";
				CLANG_CXX_LIBRARY = "libc++";
				CLANG_ENABLE_MODULES = YES;
				CLANG_ENABLE_OBJC_ARC = YES;
				CLANG_WARN_BOOL_CONVERSION = YES;
				CLANG_WARN_CONSTANT_CONVERSION = YES;
				CLANG_WARN_DIRECT_OBJC_ISA_USAGE = YES_ERROR;
				CLANG_WARN_EMPTY_BODY = YES;
				CLANG_WARN_ENUM_CONVERSION = YES;
				CLANG_WARN_INT_CONVERSION = YES;
				CLANG_WARN_OBJC_ROOT_CLASS = YES_ERROR;
				CLANG_WARN_UNREACHABLE_CODE = YES;
				CLANG_WARN__DUPLICATE_METHOD_MATCH = YES;
				CODE_SIGN_IDENTITY = "-";
				COPY_PHASE_STRIP = NO;
				DEBUG_INFORMATION_FORMAT = "dwarf-with-dsym";
				ENABLE_NS_ASSERTIONS = NO;
				ENABLE_STRICT_OBJC_MSGSEND = YES;
				GCC_C_LANGUAGE_STANDARD = gnu99;
				GCC_NO_COMMON_BLOCKS = YES;
				GCC_WARN_64_TO_32_BIT_CONVERSION = YES;
				GCC_WARN_ABOUT_RETURN_TYPE = YES_ERROR;
				GCC_WARN_UNDECLARED_SELECTOR = YES;
				GCC_WARN_UNINITIALIZED_AUTOS = YES_AGGRESSIVE;
				GCC_WARN_UNUSED_FUNCTION = YES;
				GCC_WARN_UNUSED_VARIABLE = YES;
				HEADER_SEARCH_PATHS = (
					/System/Library/Frameworks/Python.framework/Headers/,
					/usr/local/include/freetype2/,
					/usr/local/include/,
				);
				MACOSX_DEPLOYMENT_TARGET = 10.11;
				MTL_ENABLE_DEBUG_INFO = NO;
				OTHER_LDFLAGS = "";
				SDKROOT = macosx;
			};
			name = Release;
		};
		7CF1D83C1C9207DE00AAAC01 /* Debug */ = {
			isa = XCBuildConfiguration;
			buildSettings = {
				ASSETCATALOG_COMPILER_APPICON_NAME = AppIcon;
				COMBINE_HIDPI_IMAGES = YES;
				HEADER_SEARCH_PATHS = (
					/usr/local/include/freetype2/,
					/usr/local/include/,
				);
				INFOPLIST_FILE = AudioTools/Info.plist;
				LD_RUNPATH_SEARCH_PATHS = "$(inherited) @executable_path/../Frameworks";
				LIBRARY_SEARCH_PATHS = /usr/local/lib/;
				OTHER_LDFLAGS = "";
				PRODUCT_BUNDLE_IDENTIFIER = ax.AudioTools;
				PRODUCT_NAME = "$(TARGET_NAME)";
			};
			name = Debug;
		};
		7CF1D83D1C9207DE00AAAC01 /* Release */ = {
			isa = XCBuildConfiguration;
			buildSettings = {
				ASSETCATALOG_COMPILER_APPICON_NAME = AppIcon;
				COMBINE_HIDPI_IMAGES = YES;
				GCC_OPTIMIZATION_LEVEL = 3;
				HEADER_SEARCH_PATHS = (
					/usr/local/include/freetype2/,
					/usr/local/include/,
				);
				INFOPLIST_FILE = AudioTools/Info.plist;
				LD_RUNPATH_SEARCH_PATHS = "$(inherited) @executable_path/../Frameworks";
				LIBRARY_SEARCH_PATHS = /usr/local/lib/;
				OTHER_LDFLAGS = "";
				PRODUCT_BUNDLE_IDENTIFIER = ax.AudioTools;
				PRODUCT_NAME = "$(TARGET_NAME)";
			};
			name = Release;
		};
/* End XCBuildConfiguration section */

/* Begin XCConfigurationList section */
		7CF1D8251C9207DD00AAAC01 /* Build configuration list for PBXProject "AudioTools" */ = {
			isa = XCConfigurationList;
			buildConfigurations = (
				7CF1D8391C9207DE00AAAC01 /* Debug */,
				7CF1D83A1C9207DE00AAAC01 /* Release */,
			);
			defaultConfigurationIsVisible = 0;
			defaultConfigurationName = Release;
		};
		7CF1D83B1C9207DE00AAAC01 /* Build configuration list for PBXNativeTarget "AudioTools" */ = {
			isa = XCConfigurationList;
			buildConfigurations = (
				7CF1D83C1C9207DE00AAAC01 /* Debug */,
				7CF1D83D1C9207DE00AAAC01 /* Release */,
			);
			defaultConfigurationIsVisible = 0;
			defaultConfigurationName = Release;
		};
/* End XCConfigurationList section */
	};
	rootObject = 7CF1D8221C9207DD00AAAC01 /* Project object */;
}
